// !$*UTF8*$!
{
	archiveVersion = 1;
	classes = {
	};
	objectVersion = 77;
	objects = {

/* Begin PBXBuildFile section */
		518E8E296AEF4F6E8A3A293C /* L2ViewModel.swift in Sources */ = {isa = PBXBuildFile; fileRef = 52051B31DBA1489A8859D732 /* L2ViewModel.swift */; };
		317A1DC48FB64D288CCDF2D9 /* L1ViewModel.swift in Sources */ = {isa = PBXBuildFile; fileRef = 6080C32DA4CE4314860CDF37 /* L1ViewModel.swift */; };
		0BF75D089A874BC1A650A15B /* LegalViewModel.swift in Sources */ = {isa = PBXBuildFile; fileRef = C95CF8C92BB945A3830CB4C1 /* LegalViewModel.swift */; };
		03FCD59DF972446FB85DC3AD /* PlayAlongSongDetailViewModel.swift in Sources */ = {isa = PBXBuildFile; fileRef = 76BEE83EA3374ADD8998B2DE /* PlayAlongSongDetailViewModel.swift */; };
		DE8637FBB8474CE7A79E1D6D /* PlayAlongViewModel.swift in Sources */ = {isa = PBXBuildFile; fileRef = 5339C35AE1D741A3B4DF7B26 /* PlayAlongViewModel.swift */; };
		2E02F373A0694A80BA6703AF /* DiscoverSongDetailViewModel.swift in Sources */ = {isa = PBXBuildFile; fileRef = D7DBD5F408C44A38BD8B3D1C /* DiscoverSongDetailViewModel.swift */; };
		74C33C2074A34A18910FF58D /* DiscoverViewModel.swift in Sources */ = {isa = PBXBuildFile; fileRef = 3B7EAD86A7A648A0977A17F5 /* DiscoverViewModel.swift */; };
		C1DEB43BBF3B4B7CA95AB226 /* ChordRecognitionViewModel.swift in Sources */ = {isa = PBXBuildFile; fileRef = 02382705581E418C9CCDB7AC /* ChordRecognitionViewModel.swift */; };
		5FC672D5C0C64B6DB653DA9D /* PianoKeyboardViewModel.swift in Sources */ = {isa = PBXBuildFile; fileRef = B72798AFB9A743A8A4B39E03 /* PianoKeyboardViewModel.swift */; };
		6196CA03A77B4AC887D8F745 /* PianoAnimationViewModel.swift in Sources */ = {isa = PBXBuildFile; fileRef = 14C3C765CDAB422893FF2227 /* PianoAnimationViewModel.swift */; };
		F4AC4862C9984A6B9379509B /* UploadPickerViewModel.swift in Sources */ = {isa = PBXBuildFile; fileRef = 62D867E0A453467E97364E3C /* UploadPickerViewModel.swift */; };
		01C2F3CFC7BC4D9380F8B38C /* SongDetailViewModel.swift in Sources */ = {isa = PBXBuildFile; fileRef = 17DA96E7786F444CB3E14A60 /* SongDetailViewModel.swift */; };
		EB754EB0763D4DD4A5CFAC26 /* PlaylistDetailViewModel.swift in Sources */ = {isa = PBXBuildFile; fileRef = 55BC5321E9504E4E8AAAF2E2 /* PlaylistDetailViewModel.swift */; };
		2769573BBEA242208E096286 /* PlaylistViewModel.swift in Sources */ = {isa = PBXBuildFile; fileRef = C9A1AD8D695043FAB8CB19E6 /* PlaylistViewModel.swift */; };
		C907A94E2F6E44A2A836E8A0 /* AllUploadsViewModel.swift in Sources */ = {isa = PBXBuildFile; fileRef = 95010E4D00C54BFBA7180BCF /* AllUploadsViewModel.swift */; };
		E506E4B0D98B44AAABEDD353 /* MaximizeUploadViewModel.swift in Sources */ = {isa = PBXBuildFile; fileRef = 8B484342D6B549579EC88915 /* MaximizeUploadViewModel.swift */; };
		AC287B3226A1474D9C27F412 /* UploadPageNextViewModel.swift in Sources */ = {isa = PBXBuildFile; fileRef = 54D8A0852BDC4CDFB2469A4F /* UploadPageNextViewModel.swift */; };
		697098319ABE4AF599E2C275 /* UploadViewModel.swift in Sources */ = {isa = PBXBuildFile; fileRef = 674C47FE1C3A46DF9355B974 /* UploadViewModel.swift */; };
		2D3654A9EF6B4E8599E32541 /* UserProfileViewModel.swift in Sources */ = {isa = PBXBuildFile; fileRef = 341AEE9C81D44700962DAE42 /* UserProfileViewModel.swift */; };
		4D34AF3372CB47079487B4D2 /* SplashViewModel.swift in Sources */ = {isa = PBXBuildFile; fileRef = BC8B79CBE79D4E3AA3A65481 /* SplashViewModel.swift */; };
		F001F1F738304FDDBEDF965F /* AllRecentsViewModel.swift in Sources */ = {isa = PBXBuildFile; fileRef = 21690B47EABA4DA58719703B /* AllRecentsViewModel.swift */; };
		771857C190984147ACE62EE3 /* ResetPasswordViewModel.swift in Sources */ = {isa = PBXBuildFile; fileRef = 6D51D50FDE684861903FB431 /* ResetPasswordViewModel.swift */; };
		A83D10C3E57142C4BDA42EB9 /* OTPVerificationViewModel.swift in Sources */ = {isa = PBXBuildFile; fileRef = 841DAA942DF2442E92B830EF /* OTPVerificationViewModel.swift */; };
		8ADB4B6FE9E24DC389E71D4D /* AuthViewModel.swift in Sources */ = {isa = PBXBuildFile; fileRef = 30C5E922422149398C651BBB /* AuthViewModel.swift */; };
		D9BD767BD44A49A59D6D145F /* HomeViewModel.swift in Sources */ = {isa = PBXBuildFile; fileRef = F8CE2C81B95A4A30BE66496E /* HomeViewModel.swift */; };
		01C024616C4FA0D954572620 /* PianoDataManager.swift in Sources */ = {isa = PBXBuildFile; fileRef = A8B6FEB9F6EB754D1A71C261 /* PianoDataManager.swift */; };
		023DE4629610C8A12123D2B3 /* Utilities/ImageValidator.swift in Sources */ = {isa = PBXBuildFile; fileRef = 02C2F87BF97279AD445EDEC9 /* Utilities/ImageValidator.swift */; };
		101937717093B5F2B827C2A5 /* Extensions/SemanticColors.swift in Sources */ = {isa = PBXBuildFile; fileRef = 96828E2565ADBC7928754914 /* Extensions/SemanticColors.swift */; };
		11FB4CA7CD04FA54DBDA02BB /* Services/ChapterService.swift in Sources */ = {isa = PBXBuildFile; fileRef = 5E50AFDC930C89541BB9E7D9 /* Services/ChapterService.swift */; };
		1D7E8172A189BBA38D63E27F /* Utilities/InputValidator.swift in Sources */ = {isa = PBXBuildFile; fileRef = 509234426D5547366E16566E /* Utilities/InputValidator.swift */; };
		23542CBA2EE5D5600074B2A2 /* Auth in Frameworks */ = {isa = PBXBuildFile; productRef = 23542CB92EE5D5600074B2A2 /* Auth */; };
		23542CBC2EE5D5660074B2A2 /* Realtime in Frameworks */ = {isa = PBXBuildFile; productRef = 23542CBB2EE5D5660074B2A2 /* Realtime */; };
		23542CBE2EE5D56E0074B2A2 /* Functions in Frameworks */ = {isa = PBXBuildFile; productRef = 23542CBD2EE5D56E0074B2A2 /* Functions */; };
		23542CC02EE5D5750074B2A2 /* PostgREST in Frameworks */ = {isa = PBXBuildFile; productRef = 23542CBF2EE5D5750074B2A2 /* PostgREST */; };
		23542CC22EE5D64D0074B2A2 /* Storage in Frameworks */ = {isa = PBXBuildFile; productRef = 23542CC12EE5D64D0074B2A2 /* Storage */; };
		23542CC42EE5D6530074B2A2 /* Supabase in Frameworks */ = {isa = PBXBuildFile; productRef = 23542CC32EE5D6530074B2A2 /* Supabase */; };
		236CF2DE2EBE33E100DE5E71 /* MainPlayListScreen.swift in Sources */ = {isa = PBXBuildFile; fileRef = 236CF2DD2EBE33E100DE5E71 /* MainPlayListScreen.swift */; };
		238BCB1C2ED4B21E00301661 /* SongDetailsPage.swift in Sources */ = {isa = PBXBuildFile; fileRef = 238BCB1B2ED4B21E00301661 /* SongDetailsPage.swift */; };
		238BCB1E2ED4CE8200301661 /* PlayListInside.swift in Sources */ = {isa = PBXBuildFile; fileRef = 238BCB1D2ED4CE8200301661 /* PlayListInside.swift */; };
		239529C22F719A67002A14FD /* HomeViewControllerUploadSection.swift in Sources */ = {isa = PBXBuildFile; fileRef = 239529C12F719A67002A14FD /* HomeViewControllerUploadSection.swift */; };
		239529C32F719A67002A14FD /* DailyGoalManager.swift in Sources */ = {isa = PBXBuildFile; fileRef = 239529B82F719A67002A14FD /* DailyGoalManager.swift */; };
		239529C52F719A67002A14FD /* AllRecentsViewController.swift in Sources */ = {isa = PBXBuildFile; fileRef = 239529B72F719A67002A14FD /* AllRecentsViewController.swift */; };
		239529C62F719A67002A14FD /* HomeViewControllerLayout.swift in Sources */ = {isa = PBXBuildFile; fileRef = 239529C02F719A67002A14FD /* HomeViewControllerLayout.swift */; };
		239529C72F719A67002A14FD /* PlayListModel.swift in Sources */ = {isa = PBXBuildFile; fileRef = 239529B92F719A67002A14FD /* PlayListModel.swift */; };
		239529C82F719A67002A14FD /* RecentPlayModel.swift in Sources */ = {isa = PBXBuildFile; fileRef = 239529BA2F719A67002A14FD /* RecentPlayModel.swift */; };
		239529C92F719A67002A14FD /* HomeViewControllerContinueCard.swift in Sources */ = {isa = PBXBuildFile; fileRef = 239529BE2F719A67002A14FD /* HomeViewControllerContinueCard.swift */; };
		239529CA2F719A67002A14FD /* HomeViewControllerContinueLearning.swift in Sources */ = {isa = PBXBuildFile; fileRef = 239529BF2F719A67002A14FD /* HomeViewControllerContinueLearning.swift */; };
		239529CB2F719A67002A14FD /* HomeViewController.swift in Sources */ = {isa = PBXBuildFile; fileRef = 239529BC2F719A67002A14FD /* HomeViewController.swift */; };
		23C736422ED579D100BCD95B /* UserProfileViewController.swift in Sources */ = {isa = PBXBuildFile; fileRef = 23C736412ED579D100BCD95B /* UserProfileViewController.swift */; };
		23E442E32ED61EFE00A2F5AC /* UploadPageNextViewController.swift in Sources */ = {isa = PBXBuildFile; fileRef = 23E442E22ED61EFE00A2F5AC /* UploadPageNextViewController.swift */; };
		23E442E52ED6306000A2F5AC /* MaximizeUploadPageViewController.swift in Sources */ = {isa = PBXBuildFile; fileRef = 23E442E42ED6306000A2F5AC /* MaximizeUploadPageViewController.swift */; };
		24E90089F6C0C58DF6655CDD /* Utilities/FileValidator.swift in Sources */ = {isa = PBXBuildFile; fileRef = 980C2A15518CEEA56FE0B229 /* Utilities/FileValidator.swift */; };
		24FA2E8E2EE5986D0028C205 /* FirebaseCore in Frameworks */ = {isa = PBXBuildFile; productRef = 24FA2E8F2EE5986D0028C205 /* FirebaseCore */; };
		24FA2E902EE5986D0028C205 /* FirebaseAnalytics in Frameworks */ = {isa = PBXBuildFile; productRef = 24FA2E912EE5986D0028C205 /* FirebaseAnalytics */; };
		2B12BD8B2EBA7D0F009795DF /* DiscoverViewController.swift in Sources */ = {isa = PBXBuildFile; fileRef = 2B12BD8A2EBA7D0F009795DF /* DiscoverViewController.swift */; };
		2B12BD8E2EBA8D0F009795DF /* DiscoverSongDetailViewController.swift in Sources */ = {isa = PBXBuildFile; fileRef = 2B12BD8D2EBA8D0F009795DF /* DiscoverSongDetailViewController.swift */; };
		2B1DAEB72F67F64F00BE5943 /* PlaylistsManager.swift in Sources */ = {isa = PBXBuildFile; fileRef = 2B1DAEB52F67F64F00BE5943 /* PlaylistsManager.swift */; };
		2B1DAEBA2F67F66800BE5943 /* PlaylistModels.swift in Sources */ = {isa = PBXBuildFile; fileRef = 2B1DAEB82F67F66800BE5943 /* PlaylistModels.swift */; };
		2B1DAEBC2F68002400BE5943 /* Components/ImageLoader.swift in Sources */ = {isa = PBXBuildFile; fileRef = 2B1DAEBB2F68002400BE5943 /* Components/ImageLoader.swift */; };
		2B3828C02EC6441A0025933F /* SplashViewController.swift in Sources */ = {isa = PBXBuildFile; fileRef = 2B3828BF2EC6441A0025933F /* SplashViewController.swift */; };
		2B9B8F572F48562D0049535B /* AllUploadsViewController.swift in Sources */ = {isa = PBXBuildFile; fileRef = 2B9B8F562F48562D0049535B /* AllUploadsViewController.swift */; };
		2B9B8F592F485DE70049535B /* UploadQuizPopup.swift in Sources */ = {isa = PBXBuildFile; fileRef = 2B9B8F582F485DE70049535B /* UploadQuizPopup.swift */; };
		2B9B8F5A2F485DE70049535B /* Components/GuestFeatureGateModal.swift in Sources */ = {isa = PBXBuildFile; fileRef = 2B9B8F5B2F485DE70049535B /* Components/GuestFeatureGateModal.swift */; };
		2BC06DA72EEE8DF100CBDC03 /* ProgressIndicator.swift in Sources */ = {isa = PBXBuildFile; fileRef = 2BC06DA62EEE8DF100CBDC03 /* ProgressIndicator.swift */; };
		2BC06DA92EEE8FFD00CBDC03 /* OnboardingViewModel.swift in Sources */ = {isa = PBXBuildFile; fileRef = 2BC06DA82EEE8FFD00CBDC03 /* OnboardingViewModel.swift */; };
		2BC06DAB2EEE903200CBDC03 /* OnboardingFlowRoot.swift in Sources */ = {isa = PBXBuildFile; fileRef = 2BC06DAA2EEE903200CBDC03 /* OnboardingFlowRoot.swift */; };
		2BC06DAD2EEE905100CBDC03 /* OnboardingQuestion1View.swift in Sources */ = {isa = PBXBuildFile; fileRef = 2BC06DAC2EEE905100CBDC03 /* OnboardingQuestion1View.swift */; };
		2BC06DAF2EEE907000CBDC03 /* OnboardingQuestion2View.swift in Sources */ = {isa = PBXBuildFile; fileRef = 2BC06DAE2EEE907000CBDC03 /* OnboardingQuestion2View.swift */; };
		2BC06DB12EEE908E00CBDC03 /* OnboardingQuestion3View.swift in Sources */ = {isa = PBXBuildFile; fileRef = 2BC06DB02EEE908E00CBDC03 /* OnboardingQuestion3View.swift */; };
		2BC4A97D2F656AB4004FC90E /* RehearsalInfoCard.swift in Sources */ = {isa = PBXBuildFile; fileRef = 2BC4A97C2F656AB4004FC90E /* RehearsalInfoCard.swift */; };
		2BDE12352EBA0712001AC579 /* Components/LandscapeNavigationController.swift in Sources */ = {isa = PBXBuildFile; fileRef = 2BDE12342EBA0712001AC579 /* Components/LandscapeNavigationController.swift */; };
		2F7B5791E6C02E6E89C3D14D /* Screens/LearningCurve/L1ViewController.swift in Sources */ = {isa = PBXBuildFile; fileRef = 5C92534B582E5F44CCF7A7D3 /* Screens/LearningCurve/L1ViewController.swift */; };
		39A4CFA913922A6AA9BEC35C /* Components/PitchDetector.swift in Sources */ = {isa = PBXBuildFile; fileRef = 81A17EECA87264A9EA407FA9 /* Components/PitchDetector.swift */; };
		3AA7F0CBA8DA37C24F1DF177 /* Extensions/ComponentColors.swift in Sources */ = {isa = PBXBuildFile; fileRef = 39C4050B7C3DFCCE3D88695F /* Extensions/ComponentColors.swift */; };
		3B11F2BDEB96699BCA09D42A /* Screens/Auth/ResetPasswordViewController.swift in Sources */ = {isa = PBXBuildFile; fileRef = 3305004EF02CB28298B6AB98 /* Screens/Auth/ResetPasswordViewController.swift */; };
		47902D38DF5894D52F0045A0 /* Services/GuestFeatureAccessPolicy.swift in Sources */ = {isa = PBXBuildFile; fileRef = DFE55467143C308902EDA1BC /* Services/GuestFeatureAccessPolicy.swift */; };
		6CD6C36EC70B026C3388770A /* Screens/LearningCurve/AppChapters.swift in Sources */ = {isa = PBXBuildFile; fileRef = 3402881BBA84B7B8951F3EFE /* Screens/LearningCurve/AppChapters.swift */; };
		7EE8CA699BBE8A91FA58F801 /* Screens/Auth/PasswordRecoveryService.swift in Sources */ = {isa = PBXBuildFile; fileRef = 86215F0DE3A86CE2226A37BA /* Screens/Auth/PasswordRecoveryService.swift */; };
		84114B6A2EBCF68300E86F71 /* UploadScreen.swift in Sources */ = {isa = PBXBuildFile; fileRef = 84114B692EBCF68300E86F71 /* UploadScreen.swift */; };
		84114B6E2EBCF6B100E86F71 /* Components/BottomNavbar.swift in Sources */ = {isa = PBXBuildFile; fileRef = 84114B6D2EBCF6B100E86F71 /* Components/BottomNavbar.swift */; };
		8416D6382F2BD83C00E0E638 /* MainChordRecognitionScreen.swift in Sources */ = {isa = PBXBuildFile; fileRef = 8416D6372F2BD83C00E0E638 /* MainChordRecognitionScreen.swift */; };
		842B088B2EBA594A001AC579 /* .gitignore in Resources */ = {isa = PBXBuildFile; fileRef = 842B088A2EBA5936001AC579 /* .gitignore */; };
		84ADF6952F5EAABA009F3D7D /* AnimationViewController.swift in Sources */ = {isa = PBXBuildFile; fileRef = 84ADF6882F5EAABA009F3D7D /* AnimationViewController.swift */; };
		84ADF6972F5EAABA009F3D7D /* AudioEngineManager.swift in Sources */ = {isa = PBXBuildFile; fileRef = 84ADF6892F5EAABA009F3D7D /* AudioEngineManager.swift */; };
		84ADF6992F5EAABA009F3D7D /* SongChord.swift in Sources */ = {isa = PBXBuildFile; fileRef = 84ADF6922F5EAABA009F3D7D /* SongChord.swift */; };
		84ADF69A2F5EAABA009F3D7D /* PianoAnimationkeyboardViewController.swift in Sources */ = {isa = PBXBuildFile; fileRef = 84ADF68B2F5EAABA009F3D7D /* PianoAnimationkeyboardViewController.swift */; };
		84ADF69B2F5EAABA009F3D7D /* PianoView.swift in Sources */ = {isa = PBXBuildFile; fileRef = 84ADF68E2F5EAABA009F3D7D /* PianoView.swift */; };
		84ADF69C2F5EAABA009F3D7D /* PianoDemoManager.swift in Sources */ = {isa = PBXBuildFile; fileRef = 84ADF68C2F5EAABA009F3D7D /* PianoDemoManager.swift */; };
		84ADF69E2F5EAABA009F3D7D /* TopView.swift in Sources */ = {isa = PBXBuildFile; fileRef = 84ADF6932F5EAABA009F3D7D /* TopView.swift */; };
		84ADF69F2F5EAABA009F3D7D /* SheetMusicView.swift in Sources */ = {isa = PBXBuildFile; fileRef = 84ADF6912F5EAABA009F3D7D /* SheetMusicView.swift */; };
		84ADF6A02F5EAABA009F3D7D /* MusicJSONLoader.swift in Sources */ = {isa = PBXBuildFile; fileRef = 84ADF68A2F5EAABA009F3D7D /* MusicJSONLoader.swift */; };
		84ADF6A12F5EAABA009F3D7D /* sheet_test.json in Resources */ = {isa = PBXBuildFile; fileRef = 84ADF6902F5EAABA009F3D7D /* sheet_test.json */; };
		84AFA4462EF82681004A8110 /* PlayAlongViewController.swift in Sources */ = {isa = PBXBuildFile; fileRef = 84AFA4452EF82681004A8110 /* PlayAlongViewController.swift */; };
		84CC1BDD2F227D580008422A /* Resources/SoundFonts/Wurlitzer210.sf2 in Resources */ = {isa = PBXBuildFile; fileRef = 84CC1BDC2F227D580008422A /* Resources/SoundFonts/Wurlitzer210.sf2 */; };
		84CC1BDF2F227D590008422A /* Resources/SoundFonts/SteinGrandPiano.sf2 in Resources */ = {isa = PBXBuildFile; fileRef = 84CC1BDE2F227D590008422A /* Resources/SoundFonts/SteinGrandPiano.sf2 */; };
		867E80A2512F71E7772A0675 /* Services/SignedURLSigning.swift in Sources */ = {isa = PBXBuildFile; fileRef = 6C9B4E591B7B4295CA181462 /* Services/SignedURLSigning.swift */; };
		A00425C242F1160EF65C7373 /* Screens/LearningCurve/L2ViewController.swift in Sources */ = {isa = PBXBuildFile; fileRef = 027315FF15B94D5F94BA2547 /* Screens/LearningCurve/L2ViewController.swift */; };
		A2F0A1B12EFA000100000001 /* Services/GuestSessionManager.swift in Sources */ = {isa = PBXBuildFile; fileRef = A2F0A1B22EFA000100000001 /* Services/GuestSessionManager.swift */; };
		A2F0A1B32EFA000100000001 /* Services/AppThemeManager.swift in Sources */ = {isa = PBXBuildFile; fileRef = A2F0A1B42EFA000100000001 /* Services/AppThemeManager.swift */; };
		AA1BC2D42F8000010001ABCD /* UploadPickerViewController.swift in Sources */ = {isa = PBXBuildFile; fileRef = AA1BC2D32F8000010001ABCD /* UploadPickerViewController.swift */; };
		AD7C4B846110441DD3A6B8F8 /* Extensions/BrandColors.swift in Sources */ = {isa = PBXBuildFile; fileRef = F3367193AA38D44495E77159 /* Extensions/BrandColors.swift */; };
		BDDF3FF5CA16CB6F84317C75 /* Screens/Auth/AuthViewController.swift in Sources */ = {isa = PBXBuildFile; fileRef = 418F185E41ABC7B187B1880B /* Screens/Auth/AuthViewController.swift */; };
		BFF0439D72B327F9A5720B56 /* Screens/Auth/OTPVerificationViewController.swift in Sources */ = {isa = PBXBuildFile; fileRef = D0075E0D1147B387FDAD9185 /* Screens/Auth/OTPVerificationViewController.swift */; };
		C1AE88E6AB28A3F4D725D955 /* App/AppDelegate.swift in Sources */ = {isa = PBXBuildFile; fileRef = A8F3940AEE400465FE0D1BFD /* App/AppDelegate.swift */; };
		C36EB794A4E8346E97CF4A5C /* Components/TopNavBar.swift in Sources */ = {isa = PBXBuildFile; fileRef = FAA5A780090055590BBFB73D /* Components/TopNavBar.swift */; };
		C407F2300121673AE8D6DE18 /* Screens/Legal/LegalScreenView.swift in Sources */ = {isa = PBXBuildFile; fileRef = 03C6AE1CE6E5F7EDC767AFEA /* Screens/Legal/LegalScreenView.swift */; };
		C7CF4171E017AB9C2DE571DB /* Components/NavigationBarHelper.swift in Sources */ = {isa = PBXBuildFile; fileRef = B0110DC55172A44C69E9FCC1 /* Components/NavigationBarHelper.swift */; };
		D43A2B6F10FE84F8308C1918 /* Services/SupabaseManager.swift in Sources */ = {isa = PBXBuildFile; fileRef = 1CFC9321FE800128237EB674 /* Services/SupabaseManager.swift */; };
		E438A7DD0481CF66A15CDF27 /* Services/SignedAssetResolver.swift in Sources */ = {isa = PBXBuildFile; fileRef = 70E1436314D3F8A7BCE90C95 /* Services/SignedAssetResolver.swift */; };
		E46A4473B5F3365A0E8BBA49 /* Screens/LearningCurve/SupabaseProgressManager.swift in Sources */ = {isa = PBXBuildFile; fileRef = 9A26932362D885CCD690BA77 /* Screens/LearningCurve/SupabaseProgressManager.swift */; };
		F043D9643D57E1C2BE993CE2 /* Song.swift in Sources */ = {isa = PBXBuildFile; fileRef = 344E0886BE37590B2CF6E687 /* Song.swift */; };
		F40798569DB3CF8CB113E078 /* Services/AnalyticsManager.swift in Sources */ = {isa = PBXBuildFile; fileRef = BB5D556F9727BE03E27BD881 /* Services/AnalyticsManager.swift */; };
		FAE563E76BD5F5BCA26661A2 /* App/SceneDelegate.swift in Sources */ = {isa = PBXBuildFile; fileRef = 35B27609B726A2FAD4A8E336 /* App/SceneDelegate.swift */; };
/* End PBXBuildFile section */

/* Begin PBXContainerItemProxy section */
		8F1B6D879C20400100000001 /* PBXContainerItemProxy */ = {
			isa = PBXContainerItemProxy;
			containerPortal = 842B08332EBA0465001AC579 /* Project object */;
			proxyType = 1;
			remoteGlobalIDString = 842B083A2EBA0465001AC579;
			remoteInfo = "Re-Hearse_v1";
		};
/* End PBXContainerItemProxy section */

/* Begin PBXFileReference section */
		52051B31DBA1489A8859D732 /* L2ViewModel.swift */ = {isa = PBXFileReference; lastKnownFileType = sourcecode.swift; path = "Screens/LearningCurve/L2ViewModel.swift"; sourceTree = SOURCE_ROOT; };
		6080C32DA4CE4314860CDF37 /* L1ViewModel.swift */ = {isa = PBXFileReference; lastKnownFileType = sourcecode.swift; path = "Screens/LearningCurve/L1ViewModel.swift"; sourceTree = SOURCE_ROOT; };
		C95CF8C92BB945A3830CB4C1 /* LegalViewModel.swift */ = {isa = PBXFileReference; lastKnownFileType = sourcecode.swift; path = "Screens/Legal/LegalViewModel.swift"; sourceTree = SOURCE_ROOT; };
		76BEE83EA3374ADD8998B2DE /* PlayAlongSongDetailViewModel.swift */ = {isa = PBXFileReference; lastKnownFileType = sourcecode.swift; path = "Screens/PlayAlong/PlayAlongSongDetailViewModel.swift"; sourceTree = SOURCE_ROOT; };
		5339C35AE1D741A3B4DF7B26 /* PlayAlongViewModel.swift */ = {isa = PBXFileReference; lastKnownFileType = sourcecode.swift; path = "Screens/PlayAlong/PlayAlongViewModel.swift"; sourceTree = SOURCE_ROOT; };
		D7DBD5F408C44A38BD8B3D1C /* DiscoverSongDetailViewModel.swift */ = {isa = PBXFileReference; lastKnownFileType = sourcecode.swift; path = "Screens/Discover/DiscoverSongDetailViewModel.swift"; sourceTree = SOURCE_ROOT; };
		3B7EAD86A7A648A0977A17F5 /* DiscoverViewModel.swift */ = {isa = PBXFileReference; lastKnownFileType = sourcecode.swift; path = "Screens/Discover/DiscoverViewModel.swift"; sourceTree = SOURCE_ROOT; };
		02382705581E418C9CCDB7AC /* ChordRecognitionViewModel.swift */ = {isa = PBXFileReference; lastKnownFileType = sourcecode.swift; path = "Screens/ChordRecognition/ChordRecognitionViewModel.swift"; sourceTree = SOURCE_ROOT; };
		B72798AFB9A743A8A4B39E03 /* PianoKeyboardViewModel.swift */ = {isa = PBXFileReference; lastKnownFileType = sourcecode.swift; path = "Screens/PianoAnimation/PianoKeyboardViewModel.swift"; sourceTree = SOURCE_ROOT; };
		14C3C765CDAB422893FF2227 /* PianoAnimationViewModel.swift */ = {isa = PBXFileReference; lastKnownFileType = sourcecode.swift; path = "Screens/PianoAnimation/PianoAnimationViewModel.swift"; sourceTree = SOURCE_ROOT; };
		62D867E0A453467E97364E3C /* UploadPickerViewModel.swift */ = {isa = PBXFileReference; lastKnownFileType = sourcecode.swift; path = "Screens/Playlist/UploadPickerViewModel.swift"; sourceTree = SOURCE_ROOT; };
		17DA96E7786F444CB3E14A60 /* SongDetailViewModel.swift */ = {isa = PBXFileReference; lastKnownFileType = sourcecode.swift; path = "Screens/Playlist/SongDetailViewModel.swift"; sourceTree = SOURCE_ROOT; };
		55BC5321E9504E4E8AAAF2E2 /* PlaylistDetailViewModel.swift */ = {isa = PBXFileReference; lastKnownFileType = sourcecode.swift; path = "Screens/Playlist/PlaylistDetailViewModel.swift"; sourceTree = SOURCE_ROOT; };
		C9A1AD8D695043FAB8CB19E6 /* PlaylistViewModel.swift */ = {isa = PBXFileReference; lastKnownFileType = sourcecode.swift; path = "Screens/Playlist/PlaylistViewModel.swift"; sourceTree = SOURCE_ROOT; };
		95010E4D00C54BFBA7180BCF /* AllUploadsViewModel.swift */ = {isa = PBXFileReference; lastKnownFileType = sourcecode.swift; path = "Screens/Upload/AllUploadsViewModel.swift"; sourceTree = SOURCE_ROOT; };
		8B484342D6B549579EC88915 /* MaximizeUploadViewModel.swift */ = {isa = PBXFileReference; lastKnownFileType = sourcecode.swift; path = "Screens/Upload/MaximizeUploadViewModel.swift"; sourceTree = SOURCE_ROOT; };
		54D8A0852BDC4CDFB2469A4F /* UploadPageNextViewModel.swift */ = {isa = PBXFileReference; lastKnownFileType = sourcecode.swift; path = "Screens/Upload/UploadPageNextViewModel.swift"; sourceTree = SOURCE_ROOT; };
		674C47FE1C3A46DF9355B974 /* UploadViewModel.swift */ = {isa = PBXFileReference; lastKnownFileType = sourcecode.swift; path = "Screens/Upload/UploadViewModel.swift"; sourceTree = SOURCE_ROOT; };
		341AEE9C81D44700962DAE42 /* UserProfileViewModel.swift */ = {isa = PBXFileReference; lastKnownFileType = sourcecode.swift; path = "Screens/Profile/UserProfileViewModel.swift"; sourceTree = SOURCE_ROOT; };
		BC8B79CBE79D4E3AA3A65481 /* SplashViewModel.swift */ = {isa = PBXFileReference; lastKnownFileType = sourcecode.swift; path = "Screens/Splash/SplashViewModel.swift"; sourceTree = SOURCE_ROOT; };
		21690B47EABA4DA58719703B /* AllRecentsViewModel.swift */ = {isa = PBXFileReference; lastKnownFileType = sourcecode.swift; path = "Screens/Home/AllRecentsViewModel.swift"; sourceTree = SOURCE_ROOT; };
		6D51D50FDE684861903FB431 /* ResetPasswordViewModel.swift */ = {isa = PBXFileReference; lastKnownFileType = sourcecode.swift; path = "Screens/Auth/ResetPasswordViewModel.swift"; sourceTree = SOURCE_ROOT; };
		841DAA942DF2442E92B830EF /* OTPVerificationViewModel.swift */ = {isa = PBXFileReference; lastKnownFileType = sourcecode.swift; path = "Screens/Auth/OTPVerificationViewModel.swift"; sourceTree = SOURCE_ROOT; };
		30C5E922422149398C651BBB /* AuthViewModel.swift */ = {isa = PBXFileReference; lastKnownFileType = sourcecode.swift; path = "Screens/Auth/AuthViewModel.swift"; sourceTree = SOURCE_ROOT; };
		F8CE2C81B95A4A30BE66496E /* HomeViewModel.swift */ = {isa = PBXFileReference; lastKnownFileType = sourcecode.swift; path = "Screens/Home/HomeViewModel.swift"; sourceTree = SOURCE_ROOT; };
		027315FF15B94D5F94BA2547 /* Screens/LearningCurve/L2ViewController.swift */ = {isa = PBXFileReference; lastKnownFileType = sourcecode.swift; path = Screens/LearningCurve/L2ViewController.swift; sourceTree = SOURCE_ROOT; };
		02C2F87BF97279AD445EDEC9 /* Utilities/ImageValidator.swift */ = {isa = PBXFileReference; lastKnownFileType = sourcecode.swift; path = Utilities/ImageValidator.swift; sourceTree = SOURCE_ROOT; };
		03C6AE1CE6E5F7EDC767AFEA /* Screens/Legal/LegalScreenView.swift */ = {isa = PBXFileReference; lastKnownFileType = sourcecode.swift; path = Screens/Legal/LegalScreenView.swift; sourceTree = SOURCE_ROOT; };
		1CFC9321FE800128237EB674 /* Services/SupabaseManager.swift */ = {isa = PBXFileReference; lastKnownFileType = sourcecode.swift; path = Services/SupabaseManager.swift; sourceTree = SOURCE_ROOT; };
		236CF2DD2EBE33E100DE5E71 /* MainPlayListScreen.swift */ = {isa = PBXFileReference; lastKnownFileType = sourcecode.swift; path = MainPlayListScreen.swift; sourceTree = "<group>"; };
		238BCB1B2ED4B21E00301661 /* SongDetailsPage.swift */ = {isa = PBXFileReference; lastKnownFileType = sourcecode.swift; path = SongDetailsPage.swift; sourceTree = "<group>"; };
		238BCB1D2ED4CE8200301661 /* PlayListInside.swift */ = {isa = PBXFileReference; lastKnownFileType = sourcecode.swift; path = PlayListInside.swift; sourceTree = "<group>"; };
		239529B72F719A67002A14FD /* AllRecentsViewController.swift */ = {isa = PBXFileReference; lastKnownFileType = sourcecode.swift; path = AllRecentsViewController.swift; sourceTree = "<group>"; };
		239529B82F719A67002A14FD /* DailyGoalManager.swift */ = {isa = PBXFileReference; lastKnownFileType = sourcecode.swift; path = DailyGoalManager.swift; sourceTree = "<group>"; };
		239529B92F719A67002A14FD /* PlayListModel.swift */ = {isa = PBXFileReference; lastKnownFileType = sourcecode.swift; path = PlayListModel.swift; sourceTree = "<group>"; };
		239529BA2F719A67002A14FD /* RecentPlayModel.swift */ = {isa = PBXFileReference; lastKnownFileType = sourcecode.swift; path = RecentPlayModel.swift; sourceTree = "<group>"; };
		239529BC2F719A67002A14FD /* HomeViewController.swift */ = {isa = PBXFileReference; lastKnownFileType = sourcecode.swift; path = HomeViewController.swift; sourceTree = "<group>"; };
		239529BE2F719A67002A14FD /* HomeViewControllerContinueCard.swift */ = {isa = PBXFileReference; lastKnownFileType = sourcecode.swift; path = HomeViewControllerContinueCard.swift; sourceTree = "<group>"; };
		239529BF2F719A67002A14FD /* HomeViewControllerContinueLearning.swift */ = {isa = PBXFileReference; lastKnownFileType = sourcecode.swift; path = HomeViewControllerContinueLearning.swift; sourceTree = "<group>"; };
		239529C02F719A67002A14FD /* HomeViewControllerLayout.swift */ = {isa = PBXFileReference; lastKnownFileType = sourcecode.swift; path = HomeViewControllerLayout.swift; sourceTree = "<group>"; };
		239529C12F719A67002A14FD /* HomeViewControllerUploadSection.swift */ = {isa = PBXFileReference; lastKnownFileType = sourcecode.swift; path = HomeViewControllerUploadSection.swift; sourceTree = "<group>"; };
		23C736412ED579D100BCD95B /* UserProfileViewController.swift */ = {isa = PBXFileReference; lastKnownFileType = sourcecode.swift; path = UserProfileViewController.swift; sourceTree = "<group>"; };
		23E442E22ED61EFE00A2F5AC /* UploadPageNextViewController.swift */ = {isa = PBXFileReference; lastKnownFileType = sourcecode.swift; path = UploadPageNextViewController.swift; sourceTree = "<group>"; };
		23E442E42ED6306000A2F5AC /* MaximizeUploadPageViewController.swift */ = {isa = PBXFileReference; lastKnownFileType = sourcecode.swift; path = MaximizeUploadPageViewController.swift; sourceTree = "<group>"; };
		2B12BD8A2EBA7D0F009795DF /* DiscoverViewController.swift */ = {isa = PBXFileReference; lastKnownFileType = sourcecode.swift; path = DiscoverViewController.swift; sourceTree = "<group>"; };
		2B12BD8D2EBA8D0F009795DF /* DiscoverSongDetailViewController.swift */ = {isa = PBXFileReference; lastKnownFileType = sourcecode.swift; path = DiscoverSongDetailViewController.swift; sourceTree = "<group>"; };
		2B1DAEB52F67F64F00BE5943 /* PlaylistsManager.swift */ = {isa = PBXFileReference; lastKnownFileType = sourcecode.swift; path = PlaylistsManager.swift; sourceTree = "<group>"; };
		2B1DAEB82F67F66800BE5943 /* PlaylistModels.swift */ = {isa = PBXFileReference; lastKnownFileType = sourcecode.swift; path = PlaylistModels.swift; sourceTree = "<group>"; };
		2B1DAEBB2F68002400BE5943 /* Components/ImageLoader.swift */ = {isa = PBXFileReference; lastKnownFileType = sourcecode.swift; path = Components/ImageLoader.swift; sourceTree = SOURCE_ROOT; };
		2B3828BF2EC6441A0025933F /* SplashViewController.swift */ = {isa = PBXFileReference; lastKnownFileType = sourcecode.swift; path = SplashViewController.swift; sourceTree = "<group>"; };
		2B9B8F562F48562D0049535B /* AllUploadsViewController.swift */ = {isa = PBXFileReference; lastKnownFileType = sourcecode.swift; path = AllUploadsViewController.swift; sourceTree = "<group>"; };
		2B9B8F582F485DE70049535B /* UploadQuizPopup.swift */ = {isa = PBXFileReference; lastKnownFileType = sourcecode.swift; path = UploadQuizPopup.swift; sourceTree = "<group>"; };
		2B9B8F5B2F485DE70049535B /* Components/GuestFeatureGateModal.swift */ = {isa = PBXFileReference; lastKnownFileType = sourcecode.swift; path = Components/GuestFeatureGateModal.swift; sourceTree = SOURCE_ROOT; };
		2BC06DA62EEE8DF100CBDC03 /* ProgressIndicator.swift */ = {isa = PBXFileReference; lastKnownFileType = sourcecode.swift; path = ProgressIndicator.swift; sourceTree = "<group>"; };
		2BC06DA82EEE8FFD00CBDC03 /* OnboardingViewModel.swift */ = {isa = PBXFileReference; lastKnownFileType = sourcecode.swift; path = OnboardingViewModel.swift; sourceTree = "<group>"; };
		2BC06DAA2EEE903200CBDC03 /* OnboardingFlowRoot.swift */ = {isa = PBXFileReference; lastKnownFileType = sourcecode.swift; path = OnboardingFlowRoot.swift; sourceTree = "<group>"; };
		2BC06DAC2EEE905100CBDC03 /* OnboardingQuestion1View.swift */ = {isa = PBXFileReference; lastKnownFileType = sourcecode.swift; path = OnboardingQuestion1View.swift; sourceTree = "<group>"; };
		2BC06DAE2EEE907000CBDC03 /* OnboardingQuestion2View.swift */ = {isa = PBXFileReference; lastKnownFileType = sourcecode.swift; path = OnboardingQuestion2View.swift; sourceTree = "<group>"; };
		2BC06DB02EEE908E00CBDC03 /* OnboardingQuestion3View.swift */ = {isa = PBXFileReference; lastKnownFileType = sourcecode.swift; path = OnboardingQuestion3View.swift; sourceTree = "<group>"; };
		2BC4A97C2F656AB4004FC90E /* RehearsalInfoCard.swift */ = {isa = PBXFileReference; lastKnownFileType = sourcecode.swift; path = RehearsalInfoCard.swift; sourceTree = "<group>"; };
		2BDE12342EBA0712001AC579 /* Components/LandscapeNavigationController.swift */ = {isa = PBXFileReference; lastKnownFileType = sourcecode.swift; path = Components/LandscapeNavigationController.swift; sourceTree = SOURCE_ROOT; };
		3305004EF02CB28298B6AB98 /* Screens/Auth/ResetPasswordViewController.swift */ = {isa = PBXFileReference; lastKnownFileType = sourcecode.swift; path = Screens/Auth/ResetPasswordViewController.swift; sourceTree = SOURCE_ROOT; };
		3402881BBA84B7B8951F3EFE /* Screens/LearningCurve/AppChapters.swift */ = {isa = PBXFileReference; lastKnownFileType = sourcecode.swift; path = Screens/LearningCurve/AppChapters.swift; sourceTree = SOURCE_ROOT; };
		344E0886BE37590B2CF6E687 /* Song.swift */ = {isa = PBXFileReference; includeInIndex = 1; lastKnownFileType = sourcecode.swift; path = Song.swift; sourceTree = "<group>"; };
		35B27609B726A2FAD4A8E336 /* App/SceneDelegate.swift */ = {isa = PBXFileReference; lastKnownFileType = sourcecode.swift; path = "App/SceneDelegate.swift"; sourceTree = SOURCE_ROOT; };
		39C4050B7C3DFCCE3D88695F /* Extensions/ComponentColors.swift */ = {isa = PBXFileReference; lastKnownFileType = sourcecode.swift; path = Extensions/ComponentColors.swift; sourceTree = SOURCE_ROOT; };
		418F185E41ABC7B187B1880B /* Screens/Auth/AuthViewController.swift */ = {isa = PBXFileReference; lastKnownFileType = sourcecode.swift; path = Screens/Auth/AuthViewController.swift; sourceTree = SOURCE_ROOT; };
		509234426D5547366E16566E /* Utilities/InputValidator.swift */ = {isa = PBXFileReference; lastKnownFileType = sourcecode.swift; path = Utilities/InputValidator.swift; sourceTree = SOURCE_ROOT; };
		5C92534B582E5F44CCF7A7D3 /* Screens/LearningCurve/L1ViewController.swift */ = {isa = PBXFileReference; lastKnownFileType = sourcecode.swift; path = Screens/LearningCurve/L1ViewController.swift; sourceTree = SOURCE_ROOT; };
		5E50AFDC930C89541BB9E7D9 /* Services/ChapterService.swift */ = {isa = PBXFileReference; lastKnownFileType = sourcecode.swift; path = Services/ChapterService.swift; sourceTree = SOURCE_ROOT; };
		6C9B4E591B7B4295CA181462 /* Services/SignedURLSigning.swift */ = {isa = PBXFileReference; lastKnownFileType = sourcecode.swift; path = Services/SignedURLSigning.swift; sourceTree = SOURCE_ROOT; };
		70E1436314D3F8A7BCE90C95 /* Services/SignedAssetResolver.swift */ = {isa = PBXFileReference; lastKnownFileType = sourcecode.swift; path = Services/SignedAssetResolver.swift; sourceTree = SOURCE_ROOT; };
		75B21B7FD3E9474336B214FA /* Extensions/UIImage+Normalization.swift */ = {isa = PBXFileReference; lastKnownFileType = sourcecode.swift; path = "Extensions/UIImage+Normalization.swift"; sourceTree = SOURCE_ROOT; };
		81A17EECA87264A9EA407FA9 /* Components/PitchDetector.swift */ = {isa = PBXFileReference; includeInIndex = 1; lastKnownFileType = sourcecode.swift; path = Components/PitchDetector.swift; sourceTree = SOURCE_ROOT; };
		84114B692EBCF68300E86F71 /* UploadScreen.swift */ = {isa = PBXFileReference; lastKnownFileType = sourcecode.swift; path = UploadScreen.swift; sourceTree = "<group>"; };
		84114B6D2EBCF6B100E86F71 /* Components/BottomNavbar.swift */ = {isa = PBXFileReference; lastKnownFileType = sourcecode.swift; path = Components/BottomNavbar.swift; sourceTree = SOURCE_ROOT; };
		8416D6372F2BD83C00E0E638 /* MainChordRecognitionScreen.swift */ = {isa = PBXFileReference; lastKnownFileType = sourcecode.swift; path = MainChordRecognitionScreen.swift; sourceTree = "<group>"; };
		842B083B2EBA0465001AC579 /* Rehearse_v1.app */ = {isa = PBXFileReference; explicitFileType = wrapper.application; includeInIndex = 0; path = Rehearse_v1.app; sourceTree = BUILT_PRODUCTS_DIR; };
		842B088A2EBA5936001AC579 /* .gitignore */ = {isa = PBXFileReference; lastKnownFileType = text; path = .gitignore; sourceTree = "<group>"; };
		84ADF6882F5EAABA009F3D7D /* AnimationViewController.swift */ = {isa = PBXFileReference; lastKnownFileType = sourcecode.swift; path = AnimationViewController.swift; sourceTree = "<group>"; };
		84ADF6892F5EAABA009F3D7D /* AudioEngineManager.swift */ = {isa = PBXFileReference; lastKnownFileType = sourcecode.swift; path = AudioEngineManager.swift; sourceTree = "<group>"; };
		84ADF68A2F5EAABA009F3D7D /* MusicJSONLoader.swift */ = {isa = PBXFileReference; lastKnownFileType = sourcecode.swift; path = MusicJSONLoader.swift; sourceTree = "<group>"; };
		84ADF68B2F5EAABA009F3D7D /* PianoAnimationkeyboardViewController.swift */ = {isa = PBXFileReference; lastKnownFileType = sourcecode.swift; path = PianoAnimationkeyboardViewController.swift; sourceTree = "<group>"; };
		84ADF68C2F5EAABA009F3D7D /* PianoDemoManager.swift */ = {isa = PBXFileReference; lastKnownFileType = sourcecode.swift; path = PianoDemoManager.swift; sourceTree = "<group>"; };
		84ADF68E2F5EAABA009F3D7D /* PianoView.swift */ = {isa = PBXFileReference; lastKnownFileType = sourcecode.swift; path = PianoView.swift; sourceTree = "<group>"; };
		84ADF6902F5EAABA009F3D7D /* sheet_test.json */ = {isa = PBXFileReference; lastKnownFileType = text.json; path = sheet_test.json; sourceTree = "<group>"; };
		84ADF6912F5EAABA009F3D7D /* SheetMusicView.swift */ = {isa = PBXFileReference; lastKnownFileType = sourcecode.swift; path = SheetMusicView.swift; sourceTree = "<group>"; };
		84ADF6922F5EAABA009F3D7D /* SongChord.swift */ = {isa = PBXFileReference; lastKnownFileType = sourcecode.swift; path = SongChord.swift; sourceTree = "<group>"; };
		84ADF6932F5EAABA009F3D7D /* TopView.swift */ = {isa = PBXFileReference; lastKnownFileType = sourcecode.swift; path = TopView.swift; sourceTree = "<group>"; };
		84AFA4452EF82681004A8110 /* PlayAlongViewController.swift */ = {isa = PBXFileReference; lastKnownFileType = sourcecode.swift; path = PlayAlongViewController.swift; sourceTree = "<group>"; };
		84CC1BDC2F227D580008422A /* Resources/SoundFonts/Wurlitzer210.sf2 */ = {isa = PBXFileReference; lastKnownFileType = file; path = Resources/SoundFonts/Wurlitzer210.sf2; sourceTree = "<group>"; };
		84CC1BDE2F227D590008422A /* Resources/SoundFonts/SteinGrandPiano.sf2 */ = {isa = PBXFileReference; lastKnownFileType = file; path = Resources/SoundFonts/SteinGrandPiano.sf2; sourceTree = "<group>"; };
		86215F0DE3A86CE2226A37BA /* Screens/Auth/PasswordRecoveryService.swift */ = {isa = PBXFileReference; lastKnownFileType = sourcecode.swift; path = Screens/Auth/PasswordRecoveryService.swift; sourceTree = SOURCE_ROOT; };
		8F1B6D7F9C20400100000001 /* Rehearse_v1Tests.xctest */ = {isa = PBXFileReference; explicitFileType = wrapper.cfbundle; includeInIndex = 0; path = Rehearse_v1Tests.xctest; sourceTree = BUILT_PRODUCTS_DIR; };
		96828E2565ADBC7928754914 /* Extensions/SemanticColors.swift */ = {isa = PBXFileReference; lastKnownFileType = sourcecode.swift; path = Extensions/SemanticColors.swift; sourceTree = SOURCE_ROOT; };
		980C2A15518CEEA56FE0B229 /* Utilities/FileValidator.swift */ = {isa = PBXFileReference; lastKnownFileType = sourcecode.swift; path = Utilities/FileValidator.swift; sourceTree = SOURCE_ROOT; };
		9A26932362D885CCD690BA77 /* Screens/LearningCurve/SupabaseProgressManager.swift */ = {isa = PBXFileReference; lastKnownFileType = sourcecode.swift; path = Screens/LearningCurve/SupabaseProgressManager.swift; sourceTree = SOURCE_ROOT; };
		A1B2C3D42F90000100000001 /* Re-Hearse_v1/Secrets.xcconfig */ = {isa = PBXFileReference; lastKnownFileType = text.xcconfig; path = "Re-Hearse_v1/Secrets.xcconfig"; sourceTree = SOURCE_ROOT; };
		A1B2C3D52F90000100000001 /* Re-Hearse_v1/Debug.xcconfig */ = {isa = PBXFileReference; lastKnownFileType = text.xcconfig; path = "Re-Hearse_v1/Debug.xcconfig"; sourceTree = SOURCE_ROOT; };
		A1B2C3D62F90000100000001 /* Re-Hearse_v1/Release.xcconfig */ = {isa = PBXFileReference; lastKnownFileType = text.xcconfig; path = "Re-Hearse_v1/Release.xcconfig"; sourceTree = SOURCE_ROOT; };
		A2F0A1B22EFA000100000001 /* Services/GuestSessionManager.swift */ = {isa = PBXFileReference; lastKnownFileType = sourcecode.swift; path = Services/GuestSessionManager.swift; sourceTree = SOURCE_ROOT; };
		A2F0A1B42EFA000100000001 /* Services/AppThemeManager.swift */ = {isa = PBXFileReference; lastKnownFileType = sourcecode.swift; path = Services/AppThemeManager.swift; sourceTree = SOURCE_ROOT; };
		A8B6FEB9F6EB754D1A71C261 /* PianoDataManager.swift */ = {isa = PBXFileReference; includeInIndex = 1; lastKnownFileType = sourcecode.swift; path = PianoDataManager.swift; sourceTree = "<group>"; };
		A8F3940AEE400465FE0D1BFD /* App/AppDelegate.swift */ = {isa = PBXFileReference; lastKnownFileType = sourcecode.swift; path = "App/AppDelegate.swift"; sourceTree = SOURCE_ROOT; };
		AA1BC2D32F8000010001ABCD /* UploadPickerViewController.swift */ = {isa = PBXFileReference; lastKnownFileType = sourcecode.swift; path = UploadPickerViewController.swift; sourceTree = "<group>"; };
		B0110DC55172A44C69E9FCC1 /* Components/NavigationBarHelper.swift */ = {isa = PBXFileReference; includeInIndex = 1; lastKnownFileType = sourcecode.swift; path = Components/NavigationBarHelper.swift; sourceTree = SOURCE_ROOT; };
		BB5D556F9727BE03E27BD881 /* Services/AnalyticsManager.swift */ = {isa = PBXFileReference; lastKnownFileType = sourcecode.swift; path = Services/AnalyticsManager.swift; sourceTree = SOURCE_ROOT; };
		D0075E0D1147B387FDAD9185 /* Screens/Auth/OTPVerificationViewController.swift */ = {isa = PBXFileReference; lastKnownFileType = sourcecode.swift; path = Screens/Auth/OTPVerificationViewController.swift; sourceTree = SOURCE_ROOT; };
		DFE55467143C308902EDA1BC /* Services/GuestFeatureAccessPolicy.swift */ = {isa = PBXFileReference; lastKnownFileType = sourcecode.swift; path = Services/GuestFeatureAccessPolicy.swift; sourceTree = SOURCE_ROOT; };
		F3367193AA38D44495E77159 /* Extensions/BrandColors.swift */ = {isa = PBXFileReference; lastKnownFileType = sourcecode.swift; path = Extensions/BrandColors.swift; sourceTree = SOURCE_ROOT; };
		FAA5A780090055590BBFB73D /* Components/TopNavBar.swift */ = {isa = PBXFileReference; lastKnownFileType = sourcecode.swift; path = Components/TopNavBar.swift; sourceTree = SOURCE_ROOT; };
/* End PBXFileReference section */

/* Begin PBXFileSystemSynchronizedBuildFileExceptionSet section */
		842B084D2EBA0466001AC579 /* Exceptions for "Re-Hearse_v1" folder in "Rehearse_v1" target */ = {
			isa = PBXFileSystemSynchronizedBuildFileExceptionSet;
			membershipExceptions = (
				Debug.xcconfig,
				Info.plist,
				Release.xcconfig,
				Secrets.xcconfig,
			);
			target = 842B083A2EBA0465001AC579 /* Rehearse_v1 */;
		};
/* End PBXFileSystemSynchronizedBuildFileExceptionSet section */

/* Begin PBXFileSystemSynchronizedRootGroup section */
		842B083D2EBA0465001AC579 /* Re-Hearse_v1 */ = {
			isa = PBXFileSystemSynchronizedRootGroup;
			exceptions = (
				842B084D2EBA0466001AC579 /* Exceptions for "Re-Hearse_v1" folder in "Rehearse_v1" target */,
			);
			path = "Re-Hearse_v1";
			sourceTree = "<group>";
		};
		8F1B6D7E9C20400100000001 /* Re-Hearse_v1Tests */ = {
			isa = PBXFileSystemSynchronizedRootGroup;
			path = "Re-Hearse_v1Tests";
			sourceTree = "<group>";
		};
/* End PBXFileSystemSynchronizedRootGroup section */

/* Begin PBXFrameworksBuildPhase section */
		842B08382EBA0465001AC579 /* Frameworks */ = {
			isa = PBXFrameworksBuildPhase;
			buildActionMask = 2147483647;
			files = (
				23542CC02EE5D5750074B2A2 /* PostgREST in Frameworks */,
				23542CBE2EE5D56E0074B2A2 /* Functions in Frameworks */,
				23542CC42EE5D6530074B2A2 /* Supabase in Frameworks */,
				23542CBA2EE5D5600074B2A2 /* Auth in Frameworks */,
				23542CC22EE5D64D0074B2A2 /* Storage in Frameworks */,
				23542CBC2EE5D5660074B2A2 /* Realtime in Frameworks */,
				24FA2E8E2EE5986D0028C205 /* FirebaseCore in Frameworks */,
				24FA2E902EE5986D0028C205 /* FirebaseAnalytics in Frameworks */,
			);
			runOnlyForDeploymentPostprocessing = 0;
		};
		8F1B6D819C20400100000001 /* Frameworks */ = {
			isa = PBXFrameworksBuildPhase;
			buildActionMask = 2147483647;
			files = (
			);
			runOnlyForDeploymentPostprocessing = 0;
		};
/* End PBXFrameworksBuildPhase section */

/* Begin PBXGroup section */
		239529BB2F719A67002A14FD /* HomeScreenModels */ = {
			isa = PBXGroup;
			children = (
				239529B92F719A67002A14FD /* PlayListModel.swift */,
				239529BA2F719A67002A14FD /* RecentPlayModel.swift */,
			);
			path = HomeScreenModels;
			sourceTree = "<group>";
		};
		2B1DAEB62F67F64F00BE5943 /* Managers */ = {
			isa = PBXGroup;
			children = (
				2B1DAEB52F67F64F00BE5943 /* PlaylistsManager.swift */,
			);
			path = Managers;
			sourceTree = "<group>";
		};
		2B1DAEB92F67F66800BE5943 /* Models */ = {
			isa = PBXGroup;
			children = (
				2B1DAEB82F67F66800BE5943 /* PlaylistModels.swift */,
			);
			path = Models;
			sourceTree = "<group>";
		};
		2B3828BE2EC643A80025933F /* Splash */ = {
			isa = PBXGroup;
			children = (
				2B3828BF2EC6441A0025933F /* SplashViewController.swift */,
				2BC4A97C2F656AB4004FC90E /* RehearsalInfoCard.swift */,
			);
			path = Splash;
			sourceTree = "<group>";
		};
		2B5707A72ED59EC300C68472 /* Profile */ = {
			isa = PBXGroup;
			children = (
				23C736412ED579D100BCD95B /* UserProfileViewController.swift */,
			);
			path = Profile;
			sourceTree = "<group>";
		};
		2BC06DA52EEE7D6700CBDC03 /* Onboarding */ = {
			isa = PBXGroup;
			children = (
				2BC06DA62EEE8DF100CBDC03 /* ProgressIndicator.swift */,
				2BC06DA82EEE8FFD00CBDC03 /* OnboardingViewModel.swift */,
				2BC06DAA2EEE903200CBDC03 /* OnboardingFlowRoot.swift */,
				2BC06DAC2EEE905100CBDC03 /* OnboardingQuestion1View.swift */,
				2BC06DAE2EEE907000CBDC03 /* OnboardingQuestion2View.swift */,
				2BC06DB02EEE908E00CBDC03 /* OnboardingQuestion3View.swift */,
			);
			path = Onboarding;
			sourceTree = "<group>";
		};
		84114B682EBCF66100E86F71 /* Upload */ = {
			isa = PBXGroup;
			children = (
				84114B692EBCF68300E86F71 /* UploadScreen.swift */,
				23E442E22ED61EFE00A2F5AC /* UploadPageNextViewController.swift */,
				23E442E42ED6306000A2F5AC /* MaximizeUploadPageViewController.swift */,
				2B9B8F562F48562D0049535B /* AllUploadsViewController.swift */,
				2B9B8F582F485DE70049535B /* UploadQuizPopup.swift */,
			);
			path = Upload;
			sourceTree = "<group>";
		};
		842B08322EBA0465001AC579 = {
			isa = PBXGroup;
			children = (
				84CC1BDE2F227D590008422A /* Resources/SoundFonts/SteinGrandPiano.sf2 */,
				84CC1BDC2F227D580008422A /* Resources/SoundFonts/Wurlitzer210.sf2 */,
				842B088A2EBA5936001AC579 /* .gitignore */,
				8F1B6D7E9C20400100000001 /* Re-Hearse_v1Tests */,
				84DBA8592EBA72C7006DF51E /* Screens */,
				842B08552EBA0589001AC579 /* Models */,
				842B083D2EBA0465001AC579 /* Re-Hearse_v1 */,
				842B083C2EBA0465001AC579 /* Products */,
				BB0000010000000000000001 /* App */,
				BB0000020000000000000001 /* Components */,
				BB0000030000000000000001 /* Services */,
				BB0000040000000000000001 /* Extensions */,
				BB0000050000000000000001 /* Utilities */,
				BB0000060000000000000001 /* Config */,
			);
			sourceTree = "<group>";
		};
		842B083C2EBA0465001AC579 /* Products */ = {
			isa = PBXGroup;
			children = (
				842B083B2EBA0465001AC579 /* Rehearse_v1.app */,
				8F1B6D7F9C20400100000001 /* Rehearse_v1Tests.xctest */,
			);
			name = Products;
			sourceTree = "<group>";
		};
		842B08552EBA0589001AC579 /* Models */ = {
			isa = PBXGroup;
			children = (
				A8B6FEB9F6EB754D1A71C261 /* PianoDataManager.swift */,
				344E0886BE37590B2CF6E687 /* Song.swift */,
			);
			path = Models;
			sourceTree = "<group>";
		};
		84ADF6942F5EAABA009F3D7D /* PianoAnimation */ = {
			isa = PBXGroup;
			children = (
				84ADF6882F5EAABA009F3D7D /* AnimationViewController.swift */,
				84ADF6892F5EAABA009F3D7D /* AudioEngineManager.swift */,
				84ADF68A2F5EAABA009F3D7D /* MusicJSONLoader.swift */,
				84ADF68B2F5EAABA009F3D7D /* PianoAnimationkeyboardViewController.swift */,
				84ADF68C2F5EAABA009F3D7D /* PianoDemoManager.swift */,
				84ADF68E2F5EAABA009F3D7D /* PianoView.swift */,
				84ADF6902F5EAABA009F3D7D /* sheet_test.json */,
				84ADF6912F5EAABA009F3D7D /* SheetMusicView.swift */,
				84ADF6922F5EAABA009F3D7D /* SongChord.swift */,
				84ADF6932F5EAABA009F3D7D /* TopView.swift */,
			);
			path = PianoAnimation;
			sourceTree = "<group>";
		};
		84DBA8592EBA72C7006DF51E /* Screens */ = {
			isa = PBXGroup;
			children = (
				2BC06DA52EEE7D6700CBDC03 /* Onboarding */,
				2B5707A72ED59EC300C68472 /* Profile */,
				2B3828BE2EC643A80025933F /* Splash */,
				84114B682EBCF66100E86F71 /* Upload */,
				84DBA8602EBA7420006DF51E /* Playlist */,
				84DBA85F2EBA73F7006DF51E /* ChordRecognition */,
				84DBA85E2EBA7394006DF51E /* PlayAlong */,
				84DBA85C2EBA735F006DF51E /* Home */,
				84DBA85B2EBA7315006DF51E /* Discover */,
				BB0000070000000000000001 /* Auth */,
				BB0000080000000000000001 /* LearningCurve */,
				BB0000090000000000000001 /* Legal */,
				84ADF6942F5EAABA009F3D7D /* PianoAnimation */,
			);
			path = Screens;
			sourceTree = "<group>";
		};
		84DBA85B2EBA7315006DF51E /* Discover */ = {
			isa = PBXGroup;
			children = (
				2B12BD8A2EBA7D0F009795DF /* DiscoverViewController.swift */,
				2B12BD8D2EBA8D0F009795DF /* DiscoverSongDetailViewController.swift */,
			);
			path = Discover;
			sourceTree = "<group>";
		};
		84DBA85C2EBA735F006DF51E /* Home */ = {
			isa = PBXGroup;
			children = (
				239529B72F719A67002A14FD /* AllRecentsViewController.swift */,
				239529B82F719A67002A14FD /* DailyGoalManager.swift */,
				239529BB2F719A67002A14FD /* HomeScreenModels */,
				239529BC2F719A67002A14FD /* HomeViewController.swift */,
				239529BE2F719A67002A14FD /* HomeViewControllerContinueCard.swift */,
				239529BF2F719A67002A14FD /* HomeViewControllerContinueLearning.swift */,
				239529C02F719A67002A14FD /* HomeViewControllerLayout.swift */,
				239529C12F719A67002A14FD /* HomeViewControllerUploadSection.swift */,
			);
			path = Home;
			sourceTree = "<group>";
		};
		84DBA85E2EBA7394006DF51E /* PlayAlong */ = {
			isa = PBXGroup;
			children = (
				84AFA4452EF82681004A8110 /* PlayAlongViewController.swift */,
			);
			path = PlayAlong;
			sourceTree = "<group>";
		};
		84DBA85F2EBA73F7006DF51E /* ChordRecognition */ = {
			isa = PBXGroup;
			children = (
				8416D6372F2BD83C00E0E638 /* MainChordRecognitionScreen.swift */,
			);
			path = ChordRecognition;
			sourceTree = "<group>";
		};
		84DBA8602EBA7420006DF51E /* Playlist */ = {
			isa = PBXGroup;
			children = (
				2B1DAEB92F67F66800BE5943 /* Models */,
				2B1DAEB62F67F64F00BE5943 /* Managers */,
				238BCB1D2ED4CE8200301661 /* PlayListInside.swift */,
				AA1BC2D32F8000010001ABCD /* UploadPickerViewController.swift */,
				238BCB1B2ED4B21E00301661 /* SongDetailsPage.swift */,
				236CF2DD2EBE33E100DE5E71 /* MainPlayListScreen.swift */,
			);
			path = Playlist;
			sourceTree = "<group>";
		};
		BB0000010000000000000001 /* App */ = {
			isa = PBXGroup;
			children = (
				A8F3940AEE400465FE0D1BFD /* App/AppDelegate.swift */,
				35B27609B726A2FAD4A8E336 /* App/SceneDelegate.swift */,
			);
			name = App;
			sourceTree = "<group>";
		};
		BB0000020000000000000001 /* Components */ = {
			isa = PBXGroup;
			children = (
				2B9B8F5B2F485DE70049535B /* Components/GuestFeatureGateModal.swift */,
				84114B6D2EBCF6B100E86F71 /* Components/BottomNavbar.swift */,
				FAA5A780090055590BBFB73D /* Components/TopNavBar.swift */,
				B0110DC55172A44C69E9FCC1 /* Components/NavigationBarHelper.swift */,
				2BDE12342EBA0712001AC579 /* Components/LandscapeNavigationController.swift */,
				2B1DAEBB2F68002400BE5943 /* Components/ImageLoader.swift */,
				81A17EECA87264A9EA407FA9 /* Components/PitchDetector.swift */,
			);
			name = Components;
			sourceTree = "<group>";
		};
		BB0000030000000000000001 /* Services */ = {
			isa = PBXGroup;
			children = (
				BB5D556F9727BE03E27BD881 /* Services/AnalyticsManager.swift */,
				DFE55467143C308902EDA1BC /* Services/GuestFeatureAccessPolicy.swift */,
				A2F0A1B42EFA000100000001 /* Services/AppThemeManager.swift */,
				A2F0A1B22EFA000100000001 /* Services/GuestSessionManager.swift */,
				1CFC9321FE800128237EB674 /* Services/SupabaseManager.swift */,
				5E50AFDC930C89541BB9E7D9 /* Services/ChapterService.swift */,
				70E1436314D3F8A7BCE90C95 /* Services/SignedAssetResolver.swift */,
				6C9B4E591B7B4295CA181462 /* Services/SignedURLSigning.swift */,
			);
			name = Services;
			sourceTree = "<group>";
		};
		BB0000040000000000000001 /* Extensions */ = {
			isa = PBXGroup;
			children = (
				F3367193AA38D44495E77159 /* Extensions/BrandColors.swift */,
				39C4050B7C3DFCCE3D88695F /* Extensions/ComponentColors.swift */,
				96828E2565ADBC7928754914 /* Extensions/SemanticColors.swift */,
				75B21B7FD3E9474336B214FA /* Extensions/UIImage+Normalization.swift */,
			);
			name = Extensions;
			sourceTree = "<group>";
		};
		BB0000050000000000000001 /* Utilities */ = {
			isa = PBXGroup;
			children = (
				980C2A15518CEEA56FE0B229 /* Utilities/FileValidator.swift */,
				02C2F87BF97279AD445EDEC9 /* Utilities/ImageValidator.swift */,
				509234426D5547366E16566E /* Utilities/InputValidator.swift */,
			);
			name = Utilities;
			sourceTree = "<group>";
		};
		BB0000060000000000000001 /* Config */ = {
			isa = PBXGroup;
			children = (
				A1B2C3D52F90000100000001 /* Re-Hearse_v1/Debug.xcconfig */,
				A1B2C3D62F90000100000001 /* Re-Hearse_v1/Release.xcconfig */,
				A1B2C3D42F90000100000001 /* Re-Hearse_v1/Secrets.xcconfig */,
			);
			name = Config;
			sourceTree = "<group>";
		};
		BB0000070000000000000001 /* Auth */ = {
			isa = PBXGroup;
			children = (
				418F185E41ABC7B187B1880B /* Screens/Auth/AuthViewController.swift */,
				D0075E0D1147B387FDAD9185 /* Screens/Auth/OTPVerificationViewController.swift */,
				86215F0DE3A86CE2226A37BA /* Screens/Auth/PasswordRecoveryService.swift */,
				3305004EF02CB28298B6AB98 /* Screens/Auth/ResetPasswordViewController.swift */,
				30C5E922422149398C651BBB /* Screens/Auth/AuthViewModel.swift */,
				841DAA942DF2442E92B830EF /* Screens/Auth/OTPVerificationViewModel.swift */,
				6D51D50FDE684861903FB431 /* Screens/Auth/ResetPasswordViewModel.swift */,
			);
			path = Auth;
			sourceTree = "<group>";
		};
		BB0000080000000000000001 /* LearningCurve */ = {
			isa = PBXGroup;
			children = (
				3402881BBA84B7B8951F3EFE /* Screens/LearningCurve/AppChapters.swift */,
				5C92534B582E5F44CCF7A7D3 /* Screens/LearningCurve/L1ViewController.swift */,
				027315FF15B94D5F94BA2547 /* Screens/LearningCurve/L2ViewController.swift */,
				9A26932362D885CCD690BA77 /* Screens/LearningCurve/SupabaseProgressManager.swift */,
				6080C32DA4CE4314860CDF37 /* Screens/LearningCurve/L1ViewModel.swift */,
				52051B31DBA1489A8859D732 /* Screens/LearningCurve/L2ViewModel.swift */,
			);
			path = LearningCurve;
			sourceTree = "<group>";
		};
		BB0000090000000000000001 /* Legal */ = {
			isa = PBXGroup;
			children = (
				03C6AE1CE6E5F7EDC767AFEA /* Screens/Legal/LegalScreenView.swift */,
				C95CF8C92BB945A3830CB4C1 /* Screens/Legal/LegalViewModel.swift */,
			);
			path = Legal;
			sourceTree = "<group>";
		};
/* End PBXGroup section */

/* Begin PBXNativeTarget section */
		842B083A2EBA0465001AC579 /* Rehearse_v1 */ = {
			isa = PBXNativeTarget;
			buildConfigurationList = 842B084E2EBA0466001AC579 /* Build configuration list for PBXNativeTarget "Rehearse_v1" */;
			buildPhases = (
				842B08372EBA0465001AC579 /* Sources */,
				842B08382EBA0465001AC579 /* Frameworks */,
				842B08392EBA0465001AC579 /* Resources */,
			);
			buildRules = (
			);
			dependencies = (
			);
			fileSystemSynchronizedGroups = (
				842B083D2EBA0465001AC579 /* Re-Hearse_v1 */,
			);
			name = Rehearse_v1;
			packageProductDependencies = (
				23542CB92EE5D5600074B2A2 /* Auth */,
				23542CBB2EE5D5660074B2A2 /* Realtime */,
				23542CBD2EE5D56E0074B2A2 /* Functions */,
				23542CBF2EE5D5750074B2A2 /* PostgREST */,
				23542CC12EE5D64D0074B2A2 /* Storage */,
				23542CC32EE5D6530074B2A2 /* Supabase */,
				24FA2E8F2EE5986D0028C205 /* FirebaseCore */,
				24FA2E912EE5986D0028C205 /* FirebaseAnalytics */,
			);
			productName = "Re-Hearse_v1";
			productReference = 842B083B2EBA0465001AC579 /* Rehearse_v1.app */;
			productType = "com.apple.product-type.application";
		};
		8F1B6D829C20400100000001 /* Rehearse_v1Tests */ = {
			isa = PBXNativeTarget;
			buildConfigurationList = 8F1B6D859C20400100000001 /* Build configuration list for PBXNativeTarget "Rehearse_v1Tests" */;
			buildPhases = (
				8F1B6D809C20400100000001 /* Sources */,
				8F1B6D819C20400100000001 /* Frameworks */,
			);
			buildRules = (
			);
			dependencies = (
				8F1B6D869C20400100000001 /* PBXTargetDependency */,
			);
			fileSystemSynchronizedGroups = (
				8F1B6D7E9C20400100000001 /* Re-Hearse_v1Tests */,
			);
			name = Rehearse_v1Tests;
			productName = "Re-Hearse_v1Tests";
			productReference = 8F1B6D7F9C20400100000001 /* Rehearse_v1Tests.xctest */;
			productType = "com.apple.product-type.bundle.unit-test";
		};
/* End PBXNativeTarget section */

/* Begin PBXProject section */
		842B08332EBA0465001AC579 /* Project object */ = {
			isa = PBXProject;
			attributes = {
				BuildIndependentTargetsInParallel = 1;
				LastSwiftUpdateCheck = 2600;
				LastUpgradeCheck = 2620;
				TargetAttributes = {
					842B083A2EBA0465001AC579 = {
						CreatedOnToolsVersion = 26.0.1;
					};
					8F1B6D829C20400100000001 = {
						CreatedOnToolsVersion = 26.0.1;
						TestTargetID = 842B083A2EBA0465001AC579;
					};
				};
			};
			buildConfigurationList = 842B08362EBA0465001AC579 /* Build configuration list for PBXProject "Rehearse" */;
			developmentRegion = en;
			hasScannedForEncodings = 0;
			knownRegions = (
				en,
				Base,
			);
			mainGroup = 842B08322EBA0465001AC579;
			minimizedProjectReferenceProxies = 1;
			packageReferences = (
				23FA2E8D2EE5986D0028C205 /* XCRemoteSwiftPackageReference "supabase-swift" */,
				24FA2E8D2EE5986D0028C205 /* XCRemoteSwiftPackageReference "firebase-ios-sdk" */,
			);
			preferredProjectObjectVersion = 77;
			productRefGroup = 842B083C2EBA0465001AC579 /* Products */;
			projectDirPath = "";
			projectRoot = "";
			targets = (
				842B083A2EBA0465001AC579 /* Rehearse_v1 */,
				8F1B6D829C20400100000001 /* Rehearse_v1Tests */,
			);
		};
/* End PBXProject section */

/* Begin PBXResourcesBuildPhase section */
		842B08392EBA0465001AC579 /* Resources */ = {
			isa = PBXResourcesBuildPhase;
			buildActionMask = 2147483647;
			files = (
				84CC1BDF2F227D590008422A /* Resources/SoundFonts/SteinGrandPiano.sf2 in Resources */,
				84CC1BDD2F227D580008422A /* Resources/SoundFonts/Wurlitzer210.sf2 in Resources */,
				84ADF6A12F5EAABA009F3D7D /* sheet_test.json in Resources */,
				842B088B2EBA594A001AC579 /* .gitignore in Resources */,
			);
			runOnlyForDeploymentPostprocessing = 0;
		};
/* End PBXResourcesBuildPhase section */

/* Begin PBXSourcesBuildPhase section */
		842B08372EBA0465001AC579 /* Sources */ = {
			isa = PBXSourcesBuildPhase;
			buildActionMask = 2147483647;
			files = (
				23C736422ED579D100BCD95B /* UserProfileViewController.swift in Sources */,
				2BC06DAB2EEE903200CBDC03 /* OnboardingFlowRoot.swift in Sources */,
				2B9B8F592F485DE70049535B /* UploadQuizPopup.swift in Sources */,
				2B9B8F5A2F485DE70049535B /* Components/GuestFeatureGateModal.swift in Sources */,
				236CF2DE2EBE33E100DE5E71 /* MainPlayListScreen.swift in Sources */,
				8416D6382F2BD83C00E0E638 /* MainChordRecognitionScreen.swift in Sources */,
				2B3828C02EC6441A0025933F /* SplashViewController.swift in Sources */,
				2B9B8F572F48562D0049535B /* AllUploadsViewController.swift in Sources */,
				84114B6E2EBCF6B100E86F71 /* Components/BottomNavbar.swift in Sources */,
				84114B6A2EBCF68300E86F71 /* UploadScreen.swift in Sources */,
				2BC06DAD2EEE905100CBDC03 /* OnboardingQuestion1View.swift in Sources */,
				23E442E32ED61EFE00A2F5AC /* UploadPageNextViewController.swift in Sources */,
				2BC06DA92EEE8FFD00CBDC03 /* OnboardingViewModel.swift in Sources */,
				A2F0A1B32EFA000100000001 /* Services/AppThemeManager.swift in Sources */,
				A2F0A1B12EFA000100000001 /* Services/GuestSessionManager.swift in Sources */,
				2BC4A97D2F656AB4004FC90E /* RehearsalInfoCard.swift in Sources */,
				2B12BD8B2EBA7D0F009795DF /* DiscoverViewController.swift in Sources */,
				2B12BD8E2EBA8D0F009795DF /* DiscoverSongDetailViewController.swift in Sources */,
				2BC06DB12EEE908E00CBDC03 /* OnboardingQuestion3View.swift in Sources */,
				84ADF6952F5EAABA009F3D7D /* AnimationViewController.swift in Sources */,
				2B1DAEBA2F67F66800BE5943 /* PlaylistModels.swift in Sources */,
				84ADF6972F5EAABA009F3D7D /* AudioEngineManager.swift in Sources */,
				84ADF6992F5EAABA009F3D7D /* SongChord.swift in Sources */,
				84ADF69A2F5EAABA009F3D7D /* PianoAnimationkeyboardViewController.swift in Sources */,
				84ADF69B2F5EAABA009F3D7D /* PianoView.swift in Sources */,
				84ADF69C2F5EAABA009F3D7D /* PianoDemoManager.swift in Sources */,
				84ADF69E2F5EAABA009F3D7D /* TopView.swift in Sources */,
				84ADF69F2F5EAABA009F3D7D /* SheetMusicView.swift in Sources */,
				84ADF6A02F5EAABA009F3D7D /* MusicJSONLoader.swift in Sources */,
				84AFA4462EF82681004A8110 /* PlayAlongViewController.swift in Sources */,
				2BC06DA72EEE8DF100CBDC03 /* ProgressIndicator.swift in Sources */,
				238BCB1E2ED4CE8200301661 /* PlayListInside.swift in Sources */,
				AA1BC2D42F8000010001ABCD /* UploadPickerViewController.swift in Sources */,
				2BDE12352EBA0712001AC579 /* Components/LandscapeNavigationController.swift in Sources */,
				2B1DAEBC2F68002400BE5943 /* Components/ImageLoader.swift in Sources */,
				238BCB1C2ED4B21E00301661 /* SongDetailsPage.swift in Sources */,
				239529C22F719A67002A14FD /* HomeViewControllerUploadSection.swift in Sources */,
				239529C32F719A67002A14FD /* DailyGoalManager.swift in Sources */,
				239529C52F719A67002A14FD /* AllRecentsViewController.swift in Sources */,
				239529C62F719A67002A14FD /* HomeViewControllerLayout.swift in Sources */,
				239529C72F719A67002A14FD /* PlayListModel.swift in Sources */,
				239529C82F719A67002A14FD /* RecentPlayModel.swift in Sources */,
				239529C92F719A67002A14FD /* HomeViewControllerContinueCard.swift in Sources */,
				239529CA2F719A67002A14FD /* HomeViewControllerContinueLearning.swift in Sources */,
				239529CB2F719A67002A14FD /* HomeViewController.swift in Sources */,
				2B1DAEB72F67F64F00BE5943 /* PlaylistsManager.swift in Sources */,
				2BC06DAF2EEE907000CBDC03 /* OnboardingQuestion2View.swift in Sources */,
				23E442E52ED6306000A2F5AC /* MaximizeUploadPageViewController.swift in Sources */,
				39A4CFA913922A6AA9BEC35C /* Components/PitchDetector.swift in Sources */,
				01C024616C4FA0D954572620 /* PianoDataManager.swift in Sources */,
				C7CF4171E017AB9C2DE571DB /* Components/NavigationBarHelper.swift in Sources */,
				F043D9643D57E1C2BE993CE2 /* Song.swift in Sources */,
				C1AE88E6AB28A3F4D725D955 /* App/AppDelegate.swift in Sources */,
				FAE563E76BD5F5BCA26661A2 /* App/SceneDelegate.swift in Sources */,
				F40798569DB3CF8CB113E078 /* Services/AnalyticsManager.swift in Sources */,
				47902D38DF5894D52F0045A0 /* Services/GuestFeatureAccessPolicy.swift in Sources */,
				24E90089F6C0C58DF6655CDD /* Utilities/FileValidator.swift in Sources */,
				023DE4629610C8A12123D2B3 /* Utilities/ImageValidator.swift in Sources */,
				1D7E8172A189BBA38D63E27F /* Utilities/InputValidator.swift in Sources */,
				AD7C4B846110441DD3A6B8F8 /* Extensions/BrandColors.swift in Sources */,
				3AA7F0CBA8DA37C24F1DF177 /* Extensions/ComponentColors.swift in Sources */,
				101937717093B5F2B827C2A5 /* Extensions/SemanticColors.swift in Sources */,
				D43A2B6F10FE84F8308C1918 /* Services/SupabaseManager.swift in Sources */,
				11FB4CA7CD04FA54DBDA02BB /* Services/ChapterService.swift in Sources */,
				E438A7DD0481CF66A15CDF27 /* Services/SignedAssetResolver.swift in Sources */,
				867E80A2512F71E7772A0675 /* Services/SignedURLSigning.swift in Sources */,
				BDDF3FF5CA16CB6F84317C75 /* Screens/Auth/AuthViewController.swift in Sources */,
				BFF0439D72B327F9A5720B56 /* Screens/Auth/OTPVerificationViewController.swift in Sources */,
				7EE8CA699BBE8A91FA58F801 /* Screens/Auth/PasswordRecoveryService.swift in Sources */,
				3B11F2BDEB96699BCA09D42A /* Screens/Auth/ResetPasswordViewController.swift in Sources */,
				6CD6C36EC70B026C3388770A /* Screens/LearningCurve/AppChapters.swift in Sources */,
				2F7B5791E6C02E6E89C3D14D /* Screens/LearningCurve/L1ViewController.swift in Sources */,
				A00425C242F1160EF65C7373 /* Screens/LearningCurve/L2ViewController.swift in Sources */,
				E46A4473B5F3365A0E8BBA49 /* Screens/LearningCurve/SupabaseProgressManager.swift in Sources */,
				C407F2300121673AE8D6DE18 /* Screens/Legal/LegalScreenView.swift in Sources */,
				C36EB794A4E8346E97CF4A5C /* Components/TopNavBar.swift in Sources */,
			);
			runOnlyForDeploymentPostprocessing = 0;
		};
		8F1B6D809C20400100000001 /* Sources */ = {
			isa = PBXSourcesBuildPhase;
			buildActionMask = 2147483647;
			files = (
			);
			runOnlyForDeploymentPostprocessing = 0;
		};
/* End PBXSourcesBuildPhase section */

/* Begin PBXTargetDependency section */
		8F1B6D869C20400100000001 /* PBXTargetDependency */ = {
			isa = PBXTargetDependency;
			target = 842B083A2EBA0465001AC579 /* Rehearse_v1 */;
			targetProxy = 8F1B6D879C20400100000001 /* PBXContainerItemProxy */;
		};
/* End PBXTargetDependency section */

/* Begin XCBuildConfiguration section */
		842B084F2EBA0466001AC579 /* Debug */ = {
			isa = XCBuildConfiguration;
			baseConfigurationReference = A1B2C3D52F90000100000001 /* Re-Hearse_v1/Debug.xcconfig */;
			buildSettings = {
				ASSETCATALOG_COMPILER_APPICON_NAME = AppIcon;
				ASSETCATALOG_COMPILER_GLOBAL_ACCENT_COLOR_NAME = AccentColor;
				CODE_SIGN_STYLE = Automatic;
				CURRENT_PROJECT_VERSION = 1;
				DEBUG_INFORMATION_FORMAT = "dwarf-with-dsym";
				DEVELOPMENT_TEAM = K75YG36RDS;
				GENERATE_INFOPLIST_FILE = YES;
				INFOPLIST_FILE = "Re-Hearse_v1/Info.plist";
				INFOPLIST_KEY_CFBundleDisplayName = "Re-Hearse";
				INFOPLIST_KEY_NSCameraUsageDescription = "Re-Hearse uses the camera so you can capture sheet music pages for import and practice tools.";
				INFOPLIST_KEY_NSMicrophoneUsageDescription = "Re-Hearse uses the microphone to listen while you play and provide real-time chord recognition feedback.";
				INFOPLIST_KEY_NSPhotoLibraryUsageDescription = "Re-Hearse accesses your photo library so you can import sheet music images into the app.";
				INFOPLIST_KEY_UIApplicationSupportsIndirectInputEvents = YES;
				INFOPLIST_KEY_UILaunchStoryboardName = LaunchScreen;
				INFOPLIST_KEY_UIMainStoryboardFile = Main;
				INFOPLIST_KEY_UISupportedInterfaceOrientations_iPad = "UIInterfaceOrientationPortrait UIInterfaceOrientationPortraitUpsideDown UIInterfaceOrientationLandscapeLeft UIInterfaceOrientationLandscapeRight";
				INFOPLIST_KEY_UISupportedInterfaceOrientations_iPhone = "UIInterfaceOrientationPortrait UIInterfaceOrientationLandscapeLeft UIInterfaceOrientationLandscapeRight";
				IPHONEOS_DEPLOYMENT_TARGET = 17.0;
				LD_RUNPATH_SEARCH_PATHS = (
					"$(inherited)",
					"@executable_path/Frameworks",
				);
				MARKETING_VERSION = 1.0;
				PRODUCT_BUNDLE_IDENTIFIER = com.srmist.rehearse;
				PRODUCT_NAME = "$(TARGET_NAME)";
				STRING_CATALOG_GENERATE_SYMBOLS = YES;
				SWIFT_APPROACHABLE_CONCURRENCY = YES;
				SWIFT_DEFAULT_ACTOR_ISOLATION = MainActor;
				SWIFT_EMIT_LOC_STRINGS = YES;
				SWIFT_ENABLE_EXPLICIT_MODULES = NO;
				SWIFT_UPCOMING_FEATURE_MEMBER_IMPORT_VISIBILITY = YES;
				SWIFT_VERSION = 5.0;
				TARGETED_DEVICE_FAMILY = 1;
			};
			name = Debug;
		};
		842B08502EBA0466001AC579 /* Release */ = {
			isa = XCBuildConfiguration;
			baseConfigurationReference = A1B2C3D62F90000100000001 /* Re-Hearse_v1/Release.xcconfig */;
			buildSettings = {
				ASSETCATALOG_COMPILER_APPICON_NAME = AppIcon;
				ASSETCATALOG_COMPILER_GLOBAL_ACCENT_COLOR_NAME = AccentColor;
				CODE_SIGN_STYLE = Automatic;
				CURRENT_PROJECT_VERSION = 1;
				DEVELOPMENT_TEAM = K75YG36RDS;
				GENERATE_INFOPLIST_FILE = YES;
				INFOPLIST_FILE = "Re-Hearse_v1/Info.plist";
				INFOPLIST_KEY_CFBundleDisplayName = "Re-Hearse";
				INFOPLIST_KEY_NSCameraUsageDescription = "Re-Hearse uses the camera so you can capture sheet music pages for import and practice tools.";
				INFOPLIST_KEY_NSMicrophoneUsageDescription = "Re-Hearse uses the microphone to listen while you play and provide real-time chord recognition feedback.";
				INFOPLIST_KEY_NSPhotoLibraryUsageDescription = "Re-Hearse accesses your photo library so you can import sheet music images into the app.";
				INFOPLIST_KEY_UIApplicationSupportsIndirectInputEvents = YES;
				INFOPLIST_KEY_UILaunchStoryboardName = LaunchScreen;
				INFOPLIST_KEY_UIMainStoryboardFile = Main;
				INFOPLIST_KEY_UISupportedInterfaceOrientations_iPad = "UIInterfaceOrientationPortrait UIInterfaceOrientationPortraitUpsideDown UIInterfaceOrientationLandscapeLeft UIInterfaceOrientationLandscapeRight";
				INFOPLIST_KEY_UISupportedInterfaceOrientations_iPhone = "UIInterfaceOrientationPortrait UIInterfaceOrientationLandscapeLeft UIInterfaceOrientationLandscapeRight";
				IPHONEOS_DEPLOYMENT_TARGET = 17.0;
				LD_RUNPATH_SEARCH_PATHS = (
					"$(inherited)",
					"@executable_path/Frameworks",
				);
				MARKETING_VERSION = 1.0;
				PRODUCT_BUNDLE_IDENTIFIER = com.srmist.rehearse;
				PRODUCT_NAME = "$(TARGET_NAME)";
				STRING_CATALOG_GENERATE_SYMBOLS = YES;
				SWIFT_APPROACHABLE_CONCURRENCY = YES;
				SWIFT_DEFAULT_ACTOR_ISOLATION = MainActor;
				SWIFT_EMIT_LOC_STRINGS = YES;
				SWIFT_ENABLE_EXPLICIT_MODULES = NO;
				SWIFT_UPCOMING_FEATURE_MEMBER_IMPORT_VISIBILITY = YES;
				SWIFT_VERSION = 5.0;
				TARGETED_DEVICE_FAMILY = 1;
			};
			name = Release;
		};
		842B08512EBA0466001AC579 /* Debug */ = {
			isa = XCBuildConfiguration;
			buildSettings = {
				ALWAYS_SEARCH_USER_PATHS = NO;
				ASSETCATALOG_COMPILER_GENERATE_SWIFT_ASSET_SYMBOL_EXTENSIONS = YES;
				CLANG_ANALYZER_NONNULL = YES;
				CLANG_ANALYZER_NUMBER_OBJECT_CONVERSION = YES_AGGRESSIVE;
				CLANG_CXX_LANGUAGE_STANDARD = "gnu++20";
				CLANG_ENABLE_MODULES = YES;
				CLANG_ENABLE_OBJC_ARC = YES;
				CLANG_ENABLE_OBJC_WEAK = YES;
				CLANG_WARN_BLOCK_CAPTURE_AUTORELEASING = YES;
				CLANG_WARN_BOOL_CONVERSION = YES;
				CLANG_WARN_COMMA = YES;
				CLANG_WARN_CONSTANT_CONVERSION = YES;
				CLANG_WARN_DEPRECATED_OBJC_IMPLEMENTATIONS = YES;
				CLANG_WARN_DIRECT_OBJC_ISA_USAGE = YES_ERROR;
				CLANG_WARN_DOCUMENTATION_COMMENTS = YES;
				CLANG_WARN_EMPTY_BODY = YES;
				CLANG_WARN_ENUM_CONVERSION = YES;
				CLANG_WARN_INFINITE_RECURSION = YES;
				CLANG_WARN_INT_CONVERSION = YES;
				CLANG_WARN_NON_LITERAL_NULL_CONVERSION = YES;
				CLANG_WARN_OBJC_IMPLICIT_RETAIN_SELF = YES;
				CLANG_WARN_OBJC_LITERAL_CONVERSION = YES;
				CLANG_WARN_OBJC_ROOT_CLASS = YES_ERROR;
				CLANG_WARN_QUOTED_INCLUDE_IN_FRAMEWORK_HEADER = YES;
				CLANG_WARN_RANGE_LOOP_ANALYSIS = YES;
				CLANG_WARN_STRICT_PROTOTYPES = YES;
				CLANG_WARN_SUSPICIOUS_MOVE = YES;
				CLANG_WARN_UNGUARDED_AVAILABILITY = YES_AGGRESSIVE;
				CLANG_WARN_UNREACHABLE_CODE = YES;
				CLANG_WARN__DUPLICATE_METHOD_MATCH = YES;
				COPY_PHASE_STRIP = NO;
				DEBUG_INFORMATION_FORMAT = "dwarf-with-dsym";
				ENABLE_STRICT_OBJC_MSGSEND = YES;
				ENABLE_TESTABILITY = YES;
				ENABLE_USER_SCRIPT_SANDBOXING = YES;
				GCC_C_LANGUAGE_STANDARD = gnu17;
				GCC_DYNAMIC_NO_PIC = NO;
				GCC_NO_COMMON_BLOCKS = YES;
				GCC_OPTIMIZATION_LEVEL = 0;
				GCC_PREPROCESSOR_DEFINITIONS = (
					"DEBUG=1",
					"$(inherited)",
				);
				GCC_WARN_64_TO_32_BIT_CONVERSION = YES;
				GCC_WARN_ABOUT_RETURN_TYPE = YES_ERROR;
				GCC_WARN_UNDECLARED_SELECTOR = YES;
				GCC_WARN_UNINITIALIZED_AUTOS = YES_AGGRESSIVE;
				GCC_WARN_UNUSED_FUNCTION = YES;
				GCC_WARN_UNUSED_VARIABLE = YES;
				IPHONEOS_DEPLOYMENT_TARGET = 17.0;
				LOCALIZATION_PREFERS_STRING_CATALOGS = YES;
				MTL_ENABLE_DEBUG_INFO = INCLUDE_SOURCE;
				MTL_FAST_MATH = YES;
				ONLY_ACTIVE_ARCH = YES;
				SDKROOT = iphoneos;
				STRING_CATALOG_GENERATE_SYMBOLS = YES;
				SWIFT_ACTIVE_COMPILATION_CONDITIONS = "DEBUG $(inherited)";
				SWIFT_ENABLE_EXPLICIT_MODULES = NO;
				SWIFT_OPTIMIZATION_LEVEL = "-Onone";
			};
			name = Debug;
		};
		842B08522EBA0466001AC579 /* Release */ = {
			isa = XCBuildConfiguration;
			baseConfigurationReference = A1B2C3D62F90000100000001 /* Re-Hearse_v1/Release.xcconfig */;
			buildSettings = {
				ALWAYS_SEARCH_USER_PATHS = NO;
				ASSETCATALOG_COMPILER_GENERATE_SWIFT_ASSET_SYMBOL_EXTENSIONS = YES;
				CLANG_ANALYZER_NONNULL = YES;
				CLANG_ANALYZER_NUMBER_OBJECT_CONVERSION = YES_AGGRESSIVE;
				CLANG_CXX_LANGUAGE_STANDARD = "gnu++20";
				CLANG_ENABLE_MODULES = YES;
				CLANG_ENABLE_OBJC_ARC = YES;
				CLANG_ENABLE_OBJC_WEAK = YES;
				CLANG_WARN_BLOCK_CAPTURE_AUTORELEASING = YES;
				CLANG_WARN_BOOL_CONVERSION = YES;
				CLANG_WARN_COMMA = YES;
				CLANG_WARN_CONSTANT_CONVERSION = YES;
				CLANG_WARN_DEPRECATED_OBJC_IMPLEMENTATIONS = YES;
				CLANG_WARN_DIRECT_OBJC_ISA_USAGE = YES_ERROR;
				CLANG_WARN_DOCUMENTATION_COMMENTS = YES;
				CLANG_WARN_EMPTY_BODY = YES;
				CLANG_WARN_ENUM_CONVERSION = YES;
				CLANG_WARN_INFINITE_RECURSION = YES;
				CLANG_WARN_INT_CONVERSION = YES;
				CLANG_WARN_NON_LITERAL_NULL_CONVERSION = YES;
				CLANG_WARN_OBJC_IMPLICIT_RETAIN_SELF = YES;
				CLANG_WARN_OBJC_LITERAL_CONVERSION = YES;
				CLANG_WARN_OBJC_ROOT_CLASS = YES_ERROR;
				CLANG_WARN_QUOTED_INCLUDE_IN_FRAMEWORK_HEADER = YES;
				CLANG_WARN_RANGE_LOOP_ANALYSIS = YES;
				CLANG_WARN_STRICT_PROTOTYPES = YES;
				CLANG_WARN_SUSPICIOUS_MOVE = YES;
				CLANG_WARN_UNGUARDED_AVAILABILITY = YES_AGGRESSIVE;
				CLANG_WARN_UNREACHABLE_CODE = YES;
				CLANG_WARN__DUPLICATE_METHOD_MATCH = YES;
				COPY_PHASE_STRIP = NO;
				DEBUG_INFORMATION_FORMAT = "dwarf-with-dsym";
				ENABLE_NS_ASSERTIONS = NO;
				ENABLE_STRICT_OBJC_MSGSEND = YES;
				ENABLE_USER_SCRIPT_SANDBOXING = YES;
				GCC_C_LANGUAGE_STANDARD = gnu17;
				GCC_NO_COMMON_BLOCKS = YES;
				GCC_WARN_64_TO_32_BIT_CONVERSION = YES;
				GCC_WARN_ABOUT_RETURN_TYPE = YES_ERROR;
				GCC_WARN_UNDECLARED_SELECTOR = YES;
				GCC_WARN_UNINITIALIZED_AUTOS = YES_AGGRESSIVE;
				GCC_WARN_UNUSED_FUNCTION = YES;
				GCC_WARN_UNUSED_VARIABLE = YES;
				IPHONEOS_DEPLOYMENT_TARGET = 17.0;
				LOCALIZATION_PREFERS_STRING_CATALOGS = YES;
				MTL_ENABLE_DEBUG_INFO = NO;
				MTL_FAST_MATH = YES;
				SDKROOT = iphoneos;
				STRING_CATALOG_GENERATE_SYMBOLS = YES;
				SWIFT_COMPILATION_MODE = wholemodule;
				SWIFT_ENABLE_EXPLICIT_MODULES = NO;
				VALIDATE_PRODUCT = YES;
			};
			name = Release;
		};
		8F1B6D839C20400100000001 /* Debug */ = {
			isa = XCBuildConfiguration;
			buildSettings = {
				ALWAYS_SEARCH_USER_PATHS = NO;
				BUNDLE_LOADER = "$(TEST_HOST)";
				CLANG_ENABLE_MODULES = YES;
				CLANG_ENABLE_OBJC_ARC = YES;
				CODE_SIGN_STYLE = Automatic;
				DEVELOPMENT_TEAM = Q82D6R25SN;
				ENABLE_TESTING_SEARCH_PATHS = YES;
				ENABLE_USER_SCRIPT_SANDBOXING = YES;
				GENERATE_INFOPLIST_FILE = YES;
				IPHONEOS_DEPLOYMENT_TARGET = 17.0;
				LD_RUNPATH_SEARCH_PATHS = (
					"$(inherited)",
					"@loader_path/Frameworks",
					"@executable_path/Frameworks",
				);
				PRODUCT_BUNDLE_IDENTIFIER = "MukulParashar.Re-Hearse-v1Tests";
				PRODUCT_NAME = "$(TARGET_NAME)";
				SDKROOT = iphoneos;
				SWIFT_DEFAULT_ACTOR_ISOLATION = MainActor;
				SWIFT_ENABLE_EXPLICIT_MODULES = NO;
				SWIFT_VERSION = 5.0;
				TARGETED_DEVICE_FAMILY = 1;
				TEST_HOST = "$(BUILT_PRODUCTS_DIR)/Rehearse_v1.app/Rehearse_v1";
			};
			name = Debug;
		};
		8F1B6D849C20400100000001 /* Release */ = {
			isa = XCBuildConfiguration;
			buildSettings = {
				ALWAYS_SEARCH_USER_PATHS = NO;
				BUNDLE_LOADER = "$(TEST_HOST)";
				CLANG_ENABLE_MODULES = YES;
				CLANG_ENABLE_OBJC_ARC = YES;
				CODE_SIGN_STYLE = Automatic;
				DEVELOPMENT_TEAM = Q82D6R25SN;
				ENABLE_TESTING_SEARCH_PATHS = YES;
				ENABLE_USER_SCRIPT_SANDBOXING = YES;
				GENERATE_INFOPLIST_FILE = YES;
				IPHONEOS_DEPLOYMENT_TARGET = 17.0;
				LD_RUNPATH_SEARCH_PATHS = (
					"$(inherited)",
					"@loader_path/Frameworks",
					"@executable_path/Frameworks",
				);
				PRODUCT_BUNDLE_IDENTIFIER = "MukulParashar.Re-Hearse-v1Tests";
				PRODUCT_NAME = "$(TARGET_NAME)";
				SDKROOT = iphoneos;
				SWIFT_DEFAULT_ACTOR_ISOLATION = MainActor;
				SWIFT_ENABLE_EXPLICIT_MODULES = NO;
				SWIFT_VERSION = 5.0;
				TARGETED_DEVICE_FAMILY = 1;
				TEST_HOST = "$(BUILT_PRODUCTS_DIR)/Rehearse_v1.app/Rehearse_v1";
			};
			name = Release;
		};
/* End XCBuildConfiguration section */

/* Begin XCConfigurationList section */
		842B08362EBA0465001AC579 /* Build configuration list for PBXProject "Rehearse" */ = {
			isa = XCConfigurationList;
			buildConfigurations = (
				842B08512EBA0466001AC579 /* Debug */,
				842B08522EBA0466001AC579 /* Release */,
			);
			defaultConfigurationIsVisible = 0;
			defaultConfigurationName = Release;
		};
		842B084E2EBA0466001AC579 /* Build configuration list for PBXNativeTarget "Rehearse_v1" */ = {
			isa = XCConfigurationList;
			buildConfigurations = (
				842B084F2EBA0466001AC579 /* Debug */,
				842B08502EBA0466001AC579 /* Release */,
			);
			defaultConfigurationIsVisible = 0;
			defaultConfigurationName = Release;
		};
		8F1B6D859C20400100000001 /* Build configuration list for PBXNativeTarget "Rehearse_v1Tests" */ = {
			isa = XCConfigurationList;
			buildConfigurations = (
				8F1B6D839C20400100000001 /* Debug */,
				8F1B6D849C20400100000001 /* Release */,
			);
			defaultConfigurationIsVisible = 0;
			defaultConfigurationName = Release;
		};
/* End XCConfigurationList section */

/* Begin XCRemoteSwiftPackageReference section */
		23FA2E8D2EE5986D0028C205 /* XCRemoteSwiftPackageReference "supabase-swift" */ = {
			isa = XCRemoteSwiftPackageReference;
			repositoryURL = "https://github.com/supabase/supabase-swift.git";
			requirement = {
				kind = upToNextMajorVersion;
				minimumVersion = 2.5.1;
			};
		};
		24FA2E8D2EE5986D0028C205 /* XCRemoteSwiftPackageReference "firebase-ios-sdk" */ = {
			isa = XCRemoteSwiftPackageReference;
			repositoryURL = "https://github.com/firebase/firebase-ios-sdk.git";
			requirement = {
				kind = upToNextMajorVersion;
				minimumVersion = 11.0.0;
			};
		};
/* End XCRemoteSwiftPackageReference section */

/* Begin XCSwiftPackageProductDependency section */
		23542CB92EE5D5600074B2A2 /* Auth */ = {
			isa = XCSwiftPackageProductDependency;
			package = 23FA2E8D2EE5986D0028C205 /* XCRemoteSwiftPackageReference "supabase-swift" */;
			productName = Auth;
		};
		23542CBB2EE5D5660074B2A2 /* Realtime */ = {
			isa = XCSwiftPackageProductDependency;
			package = 23FA2E8D2EE5986D0028C205 /* XCRemoteSwiftPackageReference "supabase-swift" */;
			productName = Realtime;
		};
		23542CBD2EE5D56E0074B2A2 /* Functions */ = {
			isa = XCSwiftPackageProductDependency;
			package = 23FA2E8D2EE5986D0028C205 /* XCRemoteSwiftPackageReference "supabase-swift" */;
			productName = Functions;
		};
		23542CBF2EE5D5750074B2A2 /* PostgREST */ = {
			isa = XCSwiftPackageProductDependency;
			package = 23FA2E8D2EE5986D0028C205 /* XCRemoteSwiftPackageReference "supabase-swift" */;
			productName = PostgREST;
		};
		23542CC12EE5D64D0074B2A2 /* Storage */ = {
			isa = XCSwiftPackageProductDependency;
			package = 23FA2E8D2EE5986D0028C205 /* XCRemoteSwiftPackageReference "supabase-swift" */;
			productName = Storage;
		};
		23542CC32EE5D6530074B2A2 /* Supabase */ = {
			isa = XCSwiftPackageProductDependency;
			package = 23FA2E8D2EE5986D0028C205 /* XCRemoteSwiftPackageReference "supabase-swift" */;
			productName = Supabase;
		};
		24FA2E8F2EE5986D0028C205 /* FirebaseCore */ = {
			isa = XCSwiftPackageProductDependency;
			package = 24FA2E8D2EE5986D0028C205 /* XCRemoteSwiftPackageReference "firebase-ios-sdk" */;
			productName = FirebaseCore;
		};
		24FA2E912EE5986D0028C205 /* FirebaseAnalytics */ = {
			isa = XCSwiftPackageProductDependency;
			package = 24FA2E8D2EE5986D0028C205 /* XCRemoteSwiftPackageReference "firebase-ios-sdk" */;
			productName = FirebaseAnalytics;
		};
/* End XCSwiftPackageProductDependency section */
	};
	rootObject = 842B08332EBA0465001AC579 /* Project object */;
}
